// !$*UTF8*$!
{
	archiveVersion = 1;
	classes = {
	};
	objectVersion = 46;
	objects = {

/* Begin PBXBuildFile section */
		025E2E7F5A96B78C7CD9C8F1A2AB7D4F /* DictationInteractor.swift in Sources */ = {isa = PBXBuildFile; fileRef = 35C1BA9544D164C20382B13865E7EC2D /* DictationInteractor.swift */; };
		033AF392CB87F2306F4748DD6E31AE1C /* SettingsView.swift in Sources */ = {isa = PBXBuildFile; fileRef = 4B6F4630D127FF5353F6C438E7C1C4CF /* SettingsView.swift */; };
		06375606E4D8483C4D292DDBF2A6C293 /* UpdateCheckerTests.swift in Sources */ = {isa = PBXBuildFile; fileRef = 48B5EDA7A5B171812F270272A26B876E /* UpdateCheckerTests.swift */; };
		07CDD76FF9C3DCF8E973EA8FD06352E4 /* PermissionsView.swift in Sources */ = {isa = PBXBuildFile; fileRef = 4EC2F4C5F5F0754833AF1A879C65948B /* PermissionsView.swift */; };
		09F1C647EBC232627E4613F871D848A8 /* ModelManagerTests.swift in Sources */ = {isa = PBXBuildFile; fileRef = 6D255D861B926AB54EE252FA80D5FBEE /* ModelManagerTests.swift */; };
		0EBDA93C0CA8ACE5E439F106A802618A /* RightOptionEventTapTests.swift in Sources */ = {isa = PBXBuildFile; fileRef = D3CE21134100E1F332979F58BC9175BA /* RightOptionEventTapTests.swift */; };
		0F6C88F47BCF7FFAA202AAC6624F67B5 /* OnboardingInteractor.swift in Sources */ = {isa = PBXBuildFile; fileRef = E32BE8A07EEF8DBFCE5747545CBE4DBA /* OnboardingInteractor.swift */; };
		10EA6B08FC6DAE6488ACF44EE1615F46 /* MicrophonePreferences.swift in Sources */ = {isa = PBXBuildFile; fileRef = 87B2CBCB9A891E22FB52F31A7E5B7119 /* MicrophonePreferences.swift */; };
		113B2884509D55C750703C20C90DC257 /* RightOptionEventTap.swift in Sources */ = {isa = PBXBuildFile; fileRef = 554C6130FC318DD166F7989D634012F5 /* RightOptionEventTap.swift */; };
		13FE7F01F3AD1406A064813177ACF24C /* SystemTextInjector.swift in Sources */ = {isa = PBXBuildFile; fileRef = 5A684EAA083E6350DA8128F7C1F88A92 /* SystemTextInjector.swift */; };
		196FDF910B9017F5768A74C324F9632E /* DictionaryEntry.swift in Sources */ = {isa = PBXBuildFile; fileRef = AA02CD597044D155B2920EAE8CF67F0B /* DictionaryEntry.swift */; };
		19F147171A9FDC74A6EC45E5EE6C6246 /* AppShellSemanticsTests.swift in Sources */ = {isa = PBXBuildFile; fileRef = 2178A50BACCCE9D12B78E776C3790723 /* AppShellSemanticsTests.swift */; };
		1E7DED35C929BB2D5167C77D99D6F3BD /* LiquidGlass.swift in Sources */ = {isa = PBXBuildFile; fileRef = F3D4102728CC319CA916236ADA4B60ED /* LiquidGlass.swift */; };
		27DCB2F36D2ED26483E05D0A4F2FEE2F /* TranscriptionLanguage.swift in Sources */ = {isa = PBXBuildFile; fileRef = 79F32FCDB5D6B21931C84B82C4B9695D /* TranscriptionLanguage.swift */; };
		28991F1E35BB742F449D86012B4A61AD /* LaunchGateView.swift in Sources */ = {isa = PBXBuildFile; fileRef = C358420FF256D30D918176643BADE1A0 /* LaunchGateView.swift */; };
		2A506A92115FB5D504E4BEA5131C1893 /* WindowConfigurator.swift in Sources */ = {isa = PBXBuildFile; fileRef = 214B7DD7573BA89B97F758729CBEB4D6 /* WindowConfigurator.swift */; };
		2F7C8FD4F6309A70893AB07EFF114262 /* WhisperBinary in Frameworks */ = {isa = PBXBuildFile; productRef = 7FEB1AB70E4704FCB7BC32B055D5D41C /* WhisperBinary */; };
		3137A274C0C375927A0269BF52CB4C67 /* DictationState.swift in Sources */ = {isa = PBXBuildFile; fileRef = D047706DCF133AAC9C91A0F5A6E5E477 /* DictationState.swift */; };
		36A4051A28E80F7D1B29166AF9C4C741 /* WidgetSnapshotTests.swift in Sources */ = {isa = PBXBuildFile; fileRef = 7D45162A3B1514099A79C864FD5F1CC5 /* WidgetSnapshotTests.swift */; };
		36AC458F973078BF547529AFCC058D5E /* DictationPresenter.swift in Sources */ = {isa = PBXBuildFile; fileRef = C55AE44E6AF6D57361686F0B39E3D57B /* DictationPresenter.swift */; };
		3A61A21FC8FF455B4D58017567EAC32E /* TranscriptionSettingsControllerTests.swift in Sources */ = {isa = PBXBuildFile; fileRef = 34C116BD82DA48CA92B992161CA03BB6 /* TranscriptionSettingsControllerTests.swift */; };
		3C8725834907A9B19F3073D87C7C5A35 /* SystemPermissionManager.swift in Sources */ = {isa = PBXBuildFile; fileRef = 5ABC6D661623E205639DB0B1FF7FF065 /* SystemPermissionManager.swift */; };
		3E4FC261637587E864C1E7A9BC238611 /* ProviderConfigurationStore.swift in Sources */ = {isa = PBXBuildFile; fileRef = FC523129C2343AD165133689CFF36A70 /* ProviderConfigurationStore.swift */; };
		3E51C8DB368B9616A0367E528946F7AA /* Fonts in Resources */ = {isa = PBXBuildFile; fileRef = 7589D95083C7F428C3BD53ABCFB1E4FF /* Fonts */; };
		40EA2853B8296CD1EF6979E1F5C821CE /* HotkeyHealthRelay.swift in Sources */ = {isa = PBXBuildFile; fileRef = 834DE39C44BE76B8069C5E2457DA947D /* HotkeyHealthRelay.swift */; };
		4D97646BE438BCDAFDC6E91ED4AB8A9B /* HistoryEntry.swift in Sources */ = {isa = PBXBuildFile; fileRef = 0427BBDA0B9FF3BFFE32D4BA63C9A911 /* HistoryEntry.swift */; };
		52CDF8B643AC93BCCE4B96D65AB26B83 /* UpdateController.swift in Sources */ = {isa = PBXBuildFile; fileRef = 78334C3226A9607B052E0E3E02D8E3AB /* UpdateController.swift */; };
		5484B0999C25330916F829ABCECC15E3 /* DictationInterfaces.swift in Sources */ = {isa = PBXBuildFile; fileRef = A642038853E6C55C270990404DAD5694 /* DictationInterfaces.swift */; };
		5F7C77418E5494FD232757680EA16B9F /* HistoryDictionaryTests.swift in Sources */ = {isa = PBXBuildFile; fileRef = CF92799AF3B7F63E04FCD555699B262A /* HistoryDictionaryTests.swift */; };
		669A79180A882D47A335CAEC71C1CEF2 /* Assets.xcassets in Resources */ = {isa = PBXBuildFile; fileRef = 1BC1D5675F682621084A3CA1D1A8AA08 /* Assets.xcassets */; };
		67B48B81F0F399A5638847CA4DE0F9E3 /* OperationalViews.swift in Sources */ = {isa = PBXBuildFile; fileRef = 609829AFED9D735515D0FDA9E30164FC /* OperationalViews.swift */; };
		6A28006D291B340E44E1E39234A4F3DA /* AppRouter.swift in Sources */ = {isa = PBXBuildFile; fileRef = 6F0050A9AB86B8A9DDF56208D8090C71 /* AppRouter.swift */; };
		6E38743E152540FA621E78884C0D5279 /* MenuBarView.swift in Sources */ = {isa = PBXBuildFile; fileRef = CF07ABE754869B35BE35D2E26040AA8D /* MenuBarView.swift */; };
		6EEE4E3CBEDC0F8E97D0B4B75DCBD231 /* PermissionState.swift in Sources */ = {isa = PBXBuildFile; fileRef = 0B7C1961280D5C89549C550248D70E7E /* PermissionState.swift */; };
		70AC118C5E330279CBC3C04927A2A9C0 /* RemoteTranscriptionProvider.swift in Sources */ = {isa = PBXBuildFile; fileRef = 3C4F9F810873772F3DC19E61C8F910DD /* RemoteTranscriptionProvider.swift */; };
		72E2DB2B2657AE32EBD81FDDB5908B08 /* AppLifecycleController.swift in Sources */ = {isa = PBXBuildFile; fileRef = A0CD09348CDB271FFA024B876734E144 /* AppLifecycleController.swift */; };
		773F87E267C8349EB6232D09AC3CD722 /* AudioInputDevices.swift in Sources */ = {isa = PBXBuildFile; fileRef = 8B7C365851184B0176381F229876BCCC /* AudioInputDevices.swift */; };
		8094D6390EB5357034939A3EC2815347 /* HotkeyHealth.swift in Sources */ = {isa = PBXBuildFile; fileRef = 53F0D89CBE99D02A8ED17F94CF4BA7C5 /* HotkeyHealth.swift */; };
		80C352111ACA467943FACB80C54769D0 /* RecordingPanelView.swift in Sources */ = {isa = PBXBuildFile; fileRef = 00EB2D15D51CA0F911EBCED37E3DB383 /* RecordingPanelView.swift */; };
		8300757872591764E2FC8E4FA68E98E1 /* HotkeyBindingStore.swift in Sources */ = {isa = PBXBuildFile; fileRef = 3CC011D2E7D6618FA79DA3F2D2121DE5 /* HotkeyBindingStore.swift */; };
		8633B0B56DEEC9910C42AB6CB64FC598 /* RecordingSessionFeedback.swift in Sources */ = {isa = PBXBuildFile; fileRef = 7A6750394917380E2623D15572CBAEEF /* RecordingSessionFeedback.swift */; };
		87000FC679B28325B0021A657B94BDAD /* AppShellView.swift in Sources */ = {isa = PBXBuildFile; fileRef = 143CC8EDBDBD5CB19DAB7407BD1E9CE9 /* AppShellView.swift */; };
		894121F396A9ABE1479B15C5B908247E /* Components.swift in Sources */ = {isa = PBXBuildFile; fileRef = 2C153C3D6951F5118A0CA3441DA95865 /* Components.swift */; };
		8FDA45D51C5BADE5F07A54EE2D1916FD /* SystemTranscriptCopier.swift in Sources */ = {isa = PBXBuildFile; fileRef = 352868ED0DB60908EDC5A89C25200E2B /* SystemTranscriptCopier.swift */; };
		90D50637BDF43A4380FC77417C32AD91 /* WinterVoiceApp.swift in Sources */ = {isa = PBXBuildFile; fileRef = 5ECFB9C89F8685F0E4746EB4A8383D76 /* WinterVoiceApp.swift */; };
		9A3771E3383F663AD57BBE16033B55AD /* OnboardingState.swift in Sources */ = {isa = PBXBuildFile; fileRef = 4C37D697989E94A585D730FA4102E168 /* OnboardingState.swift */; };
		9D3BDF202CE6FF06CAF1A19821C5D71B /* UpdateChecker.swift in Sources */ = {isa = PBXBuildFile; fileRef = 4DB5252EF92B4412E62009DC67309965 /* UpdateChecker.swift */; };
		9FA7D9EAFCE833265A16ABEB7D8CE248 /* Sidebar.swift in Sources */ = {isa = PBXBuildFile; fileRef = F115CC0C8202CEBFD75E2BA8C9DB43E1 /* Sidebar.swift */; };
		A203AE95CEB6BF40483BCA248A845F2B /* ModelManager.swift in Sources */ = {isa = PBXBuildFile; fileRef = C4A2C1458CD388F2DCBA95A95DC56194 /* ModelManager.swift */; };
		A7AADADB1B4DE473ECEEF5322234779B /* OnboardingTests.swift in Sources */ = {isa = PBXBuildFile; fileRef = 8E1C3BBFE3DCC5199566CE17FE8B5412 /* OnboardingTests.swift */; };
		A80A536EB451332F5A8EF28152FC6DEE /* Theme.swift in Sources */ = {isa = PBXBuildFile; fileRef = C249A1D9D09F98CB7783C4304C81DB95 /* Theme.swift */; };
		A8BAF33A42B832EAA5E0B0E6FBAD89DB /* SystemAudioRecorder.swift in Sources */ = {isa = PBXBuildFile; fileRef = ABB392C2AD935561239E297F7D775AC5 /* SystemAudioRecorder.swift */; };
		B28CA04D423FD0BE6F3AA804A35E778F /* BehaviorPreferences.swift in Sources */ = {isa = PBXBuildFile; fileRef = E4A38DEFD68E55B2773EABF74F39CD54 /* BehaviorPreferences.swift */; };
		B628BC04C101B1756EA0AE3B92DA5B7D /* DictionaryPersistence.swift in Sources */ = {isa = PBXBuildFile; fileRef = 2A6CC23E70E1F3AA91AD70897FBF2FD8 /* DictionaryPersistence.swift */; };
		B9ED761AF46A5E2F738D44A57AEC0E2B /* OnboardingPresenter.swift in Sources */ = {isa = PBXBuildFile; fileRef = 97B86AD31BB3F63E5A159A9D19F2E716 /* OnboardingPresenter.swift */; };
		BDBC9F4437D1BBC3B1864B5CBF2C7B38 /* UsageStatsStore.swift in Sources */ = {isa = PBXBuildFile; fileRef = E1E63317D7B27006FDA4AB5FC8D2A40E /* UsageStatsStore.swift */; };
		C1AB80342D531D9AF17BC14EE300F7FE /* StatisticsView.swift in Sources */ = {isa = PBXBuildFile; fileRef = 1EED30961758626028469499DC506B2C /* StatisticsView.swift */; };
		C6CEFE99EE0E306C3B3AC052D7995A8A /* DictationStateMachineTests.swift in Sources */ = {isa = PBXBuildFile; fileRef = 6F848EFC7086DD3D6D14CE7CF1D42AE7 /* DictationStateMachineTests.swift */; };
		C8632716411EBE80BD3BE550F38F5ABD /* AppShellDestination.swift in Sources */ = {isa = PBXBuildFile; fileRef = D63BE93C9B8C1162E150E5DFD8C469B0 /* AppShellDestination.swift */; };
		CA71FD00DEA4ED4E1449360C226D8BCF /* ConfiguredTranscriber.swift in Sources */ = {isa = PBXBuildFile; fileRef = 7BC8EA385885C07C46D11DBC7BB82153 /* ConfiguredTranscriber.swift */; };
		CC523B674C60458D503FD40C15FD9994 /* TranscriptionSettingsController.swift in Sources */ = {isa = PBXBuildFile; fileRef = 286F3D6EE1CD31E566214D198480765C /* TranscriptionSettingsController.swift */; };
		CFF6693405A7B14F5CD3DA1D77C806FF /* SystemTextInjectorTests.swift in Sources */ = {isa = PBXBuildFile; fileRef = F00008209090DF4DB39AF4E111CE2F51 /* SystemTextInjectorTests.swift */; };
		D0B77A7CF3F71EA29286FD31F5EECEEA /* ProviderTests.swift in Sources */ = {isa = PBXBuildFile; fileRef = 126298A912BC899783DD76B9E1F6BD88 /* ProviderTests.swift */; };
		D487790DBDA9585146C0F8C693DC812F /* AppShellPresenter.swift in Sources */ = {isa = PBXBuildFile; fileRef = 30A6591A6FFCA7173ECF4E1B4E96393B /* AppShellPresenter.swift */; };
		D581C560DCC22D72B9EAEB6D8044E6F4 /* WhisperContextActor.swift in Sources */ = {isa = PBXBuildFile; fileRef = 97A08E57D795C9ACB822129CF6A2D598 /* WhisperContextActor.swift */; };
		DEE10D026CC1F390E85449D3D65FE222 /* OnboardingView.swift in Sources */ = {isa = PBXBuildFile; fileRef = 0D066A38EC389DF5342E2CA2FF48C8A9 /* OnboardingView.swift */; };
		DF136A85E67ADE4A981BBD3DBE192942 /* HistoryView.swift in Sources */ = {isa = PBXBuildFile; fileRef = 47D86B596E0AAC2E3B9F01C89E0D9D8C /* HistoryView.swift */; };
		DF7F5D22A9EDAEB78E3F28CA6F47F881 /* TextFieldStyle.swift in Sources */ = {isa = PBXBuildFile; fileRef = 6811F81559D1433E0F819C4173143218 /* TextFieldStyle.swift */; };
		E4C4A7CF784B2BFB6C3329370E71619A /* Cocoa.framework in Frameworks */ = {isa = PBXBuildFile; fileRef = E60A951C15E41F486201C6FDF4121DBD /* Cocoa.framework */; };
		E4F1CA92E65CE1C01D84147AB0254DAB /* Cocoa.framework in Frameworks */ = {isa = PBXBuildFile; fileRef = E60A951C15E41F486201C6FDF4121DBD /* Cocoa.framework */; };
		E4FA920B9B39F8651DE4E0A978F78505 /* DictionaryView.swift in Sources */ = {isa = PBXBuildFile; fileRef = 1A22BF88B45AE4F2EB1998567BC38A8F /* DictionaryView.swift */; };
		E60FC94C9492C7A179990F5208B25F5E /* HistoryPersistence.swift in Sources */ = {isa = PBXBuildFile; fileRef = 65B4650A8938FD08A42F24A8D1DD4822 /* HistoryPersistence.swift */; };
		E67E424E4C910130BA7CA53D17E86C17 /* UsageTotals.swift in Sources */ = {isa = PBXBuildFile; fileRef = 6BD8ECE21D8DC1FC6777B52D5E79B483 /* UsageTotals.swift */; };
		ECBA20DEB748FF95A943BA50528969AE /* ButtonStyles.swift in Sources */ = {isa = PBXBuildFile; fileRef = D13BC4337C27DD7AF682F00BECAC4D01 /* ButtonStyles.swift */; };
		F35A68A113052526381B753D33471124 /* RecordingPanelController.swift in Sources */ = {isa = PBXBuildFile; fileRef = 8FF5C21B677D54BA9EB53FE93FBDA102 /* RecordingPanelController.swift */; };
		F398764FA625E16839184BC7A048DFE5 /* AppContainer.swift in Sources */ = {isa = PBXBuildFile; fileRef = 819AB077B102BAA6234E02EAD91844EE /* AppContainer.swift */; };
		F4FD50916DD323D1A0E682DAD77F6727 /* DictationStateRelay.swift in Sources */ = {isa = PBXBuildFile; fileRef = 4198E9716D9EEA14EC1B3233B2A8FF66 /* DictationStateRelay.swift */; };
		F6DC90AAEF96ACA909B191E1A92308CF /* ProviderState.swift in Sources */ = {isa = PBXBuildFile; fileRef = 1FCDC245BF51D516FF7B36C2740C395D /* ProviderState.swift */; };
/* End PBXBuildFile section */

/* Begin PBXContainerItemProxy section */
		1DD9D2966B1E67C5D6A6FC742309090C /* PBXContainerItemProxy */ = {
			isa = PBXContainerItemProxy;
			containerPortal = 667D958920306F5D80AD200BE87BEB74 /* Project object */;
			proxyType = 1;
			remoteGlobalIDString = AD675294D3C7420F887CC387EC01410B;
			remoteInfo = WinterVoice;
		};
/* End PBXContainerItemProxy section */

/* Begin PBXFileReference section */
		00EB2D15D51CA0F911EBCED37E3DB383 /* RecordingPanelView.swift */ = {isa = PBXFileReference; includeInIndex = 1; lastKnownFileType = sourcecode.swift; name = RecordingPanelView.swift; path = Features/RecordingPanel/RecordingPanelView.swift; sourceTree = "<group>"; };
		0427BBDA0B9FF3BFFE32D4BA63C9A911 /* HistoryEntry.swift */ = {isa = PBXFileReference; includeInIndex = 1; lastKnownFileType = sourcecode.swift; name = HistoryEntry.swift; path = Entities/HistoryEntry.swift; sourceTree = "<group>"; };
		0B7C1961280D5C89549C550248D70E7E /* PermissionState.swift */ = {isa = PBXFileReference; includeInIndex = 1; lastKnownFileType = sourcecode.swift; name = PermissionState.swift; path = Entities/PermissionState.swift; sourceTree = "<group>"; };
		0D066A38EC389DF5342E2CA2FF48C8A9 /* OnboardingView.swift */ = {isa = PBXFileReference; includeInIndex = 1; lastKnownFileType = sourcecode.swift; name = OnboardingView.swift; path = Features/Onboarding/OnboardingView.swift; sourceTree = "<group>"; };
		126298A912BC899783DD76B9E1F6BD88 /* ProviderTests.swift */ = {isa = PBXFileReference; includeInIndex = 1; lastKnownFileType = sourcecode.swift; path = ProviderTests.swift; sourceTree = "<group>"; };
		143CC8EDBDBD5CB19DAB7407BD1E9CE9 /* AppShellView.swift */ = {isa = PBXFileReference; includeInIndex = 1; lastKnownFileType = sourcecode.swift; name = AppShellView.swift; path = Features/AppShell/AppShellView.swift; sourceTree = "<group>"; };
		1A22BF88B45AE4F2EB1998567BC38A8F /* DictionaryView.swift */ = {isa = PBXFileReference; includeInIndex = 1; lastKnownFileType = sourcecode.swift; name = DictionaryView.swift; path = Features/Dictionary/DictionaryView.swift; sourceTree = "<group>"; };
		1BC1D5675F682621084A3CA1D1A8AA08 /* Assets.xcassets */ = {isa = PBXFileReference; includeInIndex = 1; lastKnownFileType = folder.assetcatalog; path = Assets.xcassets; sourceTree = "<group>"; };
		1EED30961758626028469499DC506B2C /* StatisticsView.swift */ = {isa = PBXFileReference; includeInIndex = 1; lastKnownFileType = sourcecode.swift; name = StatisticsView.swift; path = Features/Statistics/StatisticsView.swift; sourceTree = "<group>"; };
		1FCDC245BF51D516FF7B36C2740C395D /* ProviderState.swift */ = {isa = PBXFileReference; includeInIndex = 1; lastKnownFileType = sourcecode.swift; name = ProviderState.swift; path = Entities/ProviderState.swift; sourceTree = "<group>"; };
		214B7DD7573BA89B97F758729CBEB4D6 /* WindowConfigurator.swift */ = {isa = PBXFileReference; includeInIndex = 1; lastKnownFileType = sourcecode.swift; name = WindowConfigurator.swift; path = DesignSystem/WindowConfigurator.swift; sourceTree = "<group>"; };
		2178A50BACCCE9D12B78E776C3790723 /* AppShellSemanticsTests.swift */ = {isa = PBXFileReference; includeInIndex = 1; lastKnownFileType = sourcecode.swift; path = AppShellSemanticsTests.swift; sourceTree = "<group>"; };
		286F3D6EE1CD31E566214D198480765C /* TranscriptionSettingsController.swift */ = {isa = PBXFileReference; includeInIndex = 1; lastKnownFileType = sourcecode.swift; name = TranscriptionSettingsController.swift; path = Features/AppShell/TranscriptionSettingsController.swift; sourceTree = "<group>"; };
		2A6CC23E70E1F3AA91AD70897FBF2FD8 /* DictionaryPersistence.swift */ = {isa = PBXFileReference; includeInIndex = 1; lastKnownFileType = sourcecode.swift; name = DictionaryPersistence.swift; path = Platform/Persistence/DictionaryPersistence.swift; sourceTree = "<group>"; };
		2C153C3D6951F5118A0CA3441DA95865 /* Components.swift */ = {isa = PBXFileReference; includeInIndex = 1; lastKnownFileType = sourcecode.swift; name = Components.swift; path = DesignSystem/Components.swift; sourceTree = "<group>"; };
		30A6591A6FFCA7173ECF4E1B4E96393B /* AppShellPresenter.swift */ = {isa = PBXFileReference; includeInIndex = 1; lastKnownFileType = sourcecode.swift; name = AppShellPresenter.swift; path = Features/AppShell/AppShellPresenter.swift; sourceTree = "<group>"; };
		34C116BD82DA48CA92B992161CA03BB6 /* TranscriptionSettingsControllerTests.swift */ = {isa = PBXFileReference; includeInIndex = 1; lastKnownFileType = sourcecode.swift; path = TranscriptionSettingsControllerTests.swift; sourceTree = "<group>"; };
		352868ED0DB60908EDC5A89C25200E2B /* SystemTranscriptCopier.swift */ = {isa = PBXFileReference; includeInIndex = 1; lastKnownFileType = sourcecode.swift; name = SystemTranscriptCopier.swift; path = Platform/TextInjection/SystemTranscriptCopier.swift; sourceTree = "<group>"; };
		35C1BA9544D164C20382B13865E7EC2D /* DictationInteractor.swift */ = {isa = PBXFileReference; includeInIndex = 1; lastKnownFileType = sourcecode.swift; name = DictationInteractor.swift; path = Features/Dictation/DictationInteractor.swift; sourceTree = "<group>"; };
		3AE66AA18FB0BD88DF457423030F1BA3 /* WinterVoiceTests.xctest */ = {isa = PBXFileReference; explicitFileType = wrapper.cfbundle; includeInIndex = 0; path = WinterVoiceTests.xctest; sourceTree = BUILT_PRODUCTS_DIR; };
		3C4F9F810873772F3DC19E61C8F910DD /* RemoteTranscriptionProvider.swift */ = {isa = PBXFileReference; includeInIndex = 1; lastKnownFileType = sourcecode.swift; name = RemoteTranscriptionProvider.swift; path = Platform/Providers/RemoteTranscriptionProvider.swift; sourceTree = "<group>"; };
		3CC011D2E7D6618FA79DA3F2D2121DE5 /* HotkeyBindingStore.swift */ = {isa = PBXFileReference; includeInIndex = 1; lastKnownFileType = sourcecode.swift; name = HotkeyBindingStore.swift; path = Platform/Hotkeys/HotkeyBindingStore.swift; sourceTree = "<group>"; };
		4198E9716D9EEA14EC1B3233B2A8FF66 /* DictationStateRelay.swift */ = {isa = PBXFileReference; includeInIndex = 1; lastKnownFileType = sourcecode.swift; name = DictationStateRelay.swift; path = Features/Dictation/DictationStateRelay.swift; sourceTree = "<group>"; };
		47D86B596E0AAC2E3B9F01C89E0D9D8C /* HistoryView.swift */ = {isa = PBXFileReference; includeInIndex = 1; lastKnownFileType = sourcecode.swift; name = HistoryView.swift; path = Features/History/HistoryView.swift; sourceTree = "<group>"; };
		48B5EDA7A5B171812F270272A26B876E /* UpdateCheckerTests.swift */ = {isa = PBXFileReference; includeInIndex = 1; lastKnownFileType = sourcecode.swift; path = UpdateCheckerTests.swift; sourceTree = "<group>"; };
		4B6F4630D127FF5353F6C438E7C1C4CF /* SettingsView.swift */ = {isa = PBXFileReference; includeInIndex = 1; lastKnownFileType = sourcecode.swift; name = SettingsView.swift; path = Features/Settings/SettingsView.swift; sourceTree = "<group>"; };
		4C37D697989E94A585D730FA4102E168 /* OnboardingState.swift */ = {isa = PBXFileReference; includeInIndex = 1; lastKnownFileType = sourcecode.swift; name = OnboardingState.swift; path = Entities/OnboardingState.swift; sourceTree = "<group>"; };
		4DB5252EF92B4412E62009DC67309965 /* UpdateChecker.swift */ = {isa = PBXFileReference; includeInIndex = 1; lastKnownFileType = sourcecode.swift; name = UpdateChecker.swift; path = Platform/Updates/UpdateChecker.swift; sourceTree = "<group>"; };
		4EC2F4C5F5F0754833AF1A879C65948B /* PermissionsView.swift */ = {isa = PBXFileReference; includeInIndex = 1; lastKnownFileType = sourcecode.swift; name = PermissionsView.swift; path = Features/Settings/PermissionsView.swift; sourceTree = "<group>"; };
		53F0D89CBE99D02A8ED17F94CF4BA7C5 /* HotkeyHealth.swift */ = {isa = PBXFileReference; includeInIndex = 1; lastKnownFileType = sourcecode.swift; name = HotkeyHealth.swift; path = Entities/HotkeyHealth.swift; sourceTree = "<group>"; };
		554C6130FC318DD166F7989D634012F5 /* RightOptionEventTap.swift */ = {isa = PBXFileReference; includeInIndex = 1; lastKnownFileType = sourcecode.swift; name = RightOptionEventTap.swift; path = Platform/Hotkeys/RightOptionEventTap.swift; sourceTree = "<group>"; };
		5A36D6AB27A20A1931B30CF1FC7D8DD4 /* WinterVoice.app */ = {isa = PBXFileReference; explicitFileType = wrapper.application; includeInIndex = 0; path = WinterVoice.app; sourceTree = BUILT_PRODUCTS_DIR; };
		5A684EAA083E6350DA8128F7C1F88A92 /* SystemTextInjector.swift */ = {isa = PBXFileReference; includeInIndex = 1; lastKnownFileType = sourcecode.swift; name = SystemTextInjector.swift; path = Platform/TextInjection/SystemTextInjector.swift; sourceTree = "<group>"; };
		5ABC6D661623E205639DB0B1FF7FF065 /* SystemPermissionManager.swift */ = {isa = PBXFileReference; includeInIndex = 1; lastKnownFileType = sourcecode.swift; name = SystemPermissionManager.swift; path = Platform/Permissions/SystemPermissionManager.swift; sourceTree = "<group>"; };
		5ECFB9C89F8685F0E4746EB4A8383D76 /* WinterVoiceApp.swift */ = {isa = PBXFileReference; includeInIndex = 1; lastKnownFileType = sourcecode.swift; name = WinterVoiceApp.swift; path = App/WinterVoiceApp.swift; sourceTree = "<group>"; };
		609829AFED9D735515D0FDA9E30164FC /* OperationalViews.swift */ = {isa = PBXFileReference; includeInIndex = 1; lastKnownFileType = sourcecode.swift; name = OperationalViews.swift; path = Features/AppShell/OperationalViews.swift; sourceTree = "<group>"; };
		65B4650A8938FD08A42F24A8D1DD4822 /* HistoryPersistence.swift */ = {isa = PBXFileReference; includeInIndex = 1; lastKnownFileType = sourcecode.swift; name = HistoryPersistence.swift; path = Platform/Persistence/HistoryPersistence.swift; sourceTree = "<group>"; };
		6811F81559D1433E0F819C4173143218 /* TextFieldStyle.swift */ = {isa = PBXFileReference; includeInIndex = 1; lastKnownFileType = sourcecode.swift; name = TextFieldStyle.swift; path = DesignSystem/TextFieldStyle.swift; sourceTree = "<group>"; };
		6BD8ECE21D8DC1FC6777B52D5E79B483 /* UsageTotals.swift */ = {isa = PBXFileReference; includeInIndex = 1; lastKnownFileType = sourcecode.swift; name = UsageTotals.swift; path = Entities/UsageTotals.swift; sourceTree = "<group>"; };
		6D255D861B926AB54EE252FA80D5FBEE /* ModelManagerTests.swift */ = {isa = PBXFileReference; includeInIndex = 1; lastKnownFileType = sourcecode.swift; path = ModelManagerTests.swift; sourceTree = "<group>"; };
		6F0050A9AB86B8A9DDF56208D8090C71 /* AppRouter.swift */ = {isa = PBXFileReference; includeInIndex = 1; lastKnownFileType = sourcecode.swift; name = AppRouter.swift; path = App/AppRouter.swift; sourceTree = "<group>"; };
		6F848EFC7086DD3D6D14CE7CF1D42AE7 /* DictationStateMachineTests.swift */ = {isa = PBXFileReference; includeInIndex = 1; lastKnownFileType = sourcecode.swift; path = DictationStateMachineTests.swift; sourceTree = "<group>"; };
		7589D95083C7F428C3BD53ABCFB1E4FF /* Fonts */ = {isa = PBXFileReference; includeInIndex = 1; lastKnownFileType = folder; path = Fonts; sourceTree = "<group>"; };
		78334C3226A9607B052E0E3E02D8E3AB /* UpdateController.swift */ = {isa = PBXFileReference; includeInIndex = 1; lastKnownFileType = sourcecode.swift; name = UpdateController.swift; path = Features/Updates/UpdateController.swift; sourceTree = "<group>"; };
		79F32FCDB5D6B21931C84B82C4B9695D /* TranscriptionLanguage.swift */ = {isa = PBXFileReference; includeInIndex = 1; lastKnownFileType = sourcecode.swift; name = TranscriptionLanguage.swift; path = Entities/TranscriptionLanguage.swift; sourceTree = "<group>"; };
		7A6750394917380E2623D15572CBAEEF /* RecordingSessionFeedback.swift */ = {isa = PBXFileReference; includeInIndex = 1; lastKnownFileType = sourcecode.swift; name = RecordingSessionFeedback.swift; path = Platform/Audio/RecordingSessionFeedback.swift; sourceTree = "<group>"; };
		7BC8EA385885C07C46D11DBC7BB82153 /* ConfiguredTranscriber.swift */ = {isa = PBXFileReference; includeInIndex = 1; lastKnownFileType = sourcecode.swift; name = ConfiguredTranscriber.swift; path = Platform/Providers/ConfiguredTranscriber.swift; sourceTree = "<group>"; };
		7D45162A3B1514099A79C864FD5F1CC5 /* WidgetSnapshotTests.swift */ = {isa = PBXFileReference; includeInIndex = 1; lastKnownFileType = sourcecode.swift; path = WidgetSnapshotTests.swift; sourceTree = "<group>"; };
		819AB077B102BAA6234E02EAD91844EE /* AppContainer.swift */ = {isa = PBXFileReference; includeInIndex = 1; lastKnownFileType = sourcecode.swift; name = AppContainer.swift; path = App/AppContainer.swift; sourceTree = "<group>"; };
		834DE39C44BE76B8069C5E2457DA947D /* HotkeyHealthRelay.swift */ = {isa = PBXFileReference; includeInIndex = 1; lastKnownFileType = sourcecode.swift; name = HotkeyHealthRelay.swift; path = Features/Dictation/HotkeyHealthRelay.swift; sourceTree = "<group>"; };
		87B2CBCB9A891E22FB52F31A7E5B7119 /* MicrophonePreferences.swift */ = {isa = PBXFileReference; includeInIndex = 1; lastKnownFileType = sourcecode.swift; name = MicrophonePreferences.swift; path = Platform/Audio/MicrophonePreferences.swift; sourceTree = "<group>"; };
		8B7C365851184B0176381F229876BCCC /* AudioInputDevices.swift */ = {isa = PBXFileReference; includeInIndex = 1; lastKnownFileType = sourcecode.swift; name = AudioInputDevices.swift; path = Platform/Audio/AudioInputDevices.swift; sourceTree = "<group>"; };
		8E1C3BBFE3DCC5199566CE17FE8B5412 /* OnboardingTests.swift */ = {isa = PBXFileReference; includeInIndex = 1; lastKnownFileType = sourcecode.swift; path = OnboardingTests.swift; sourceTree = "<group>"; };
		8FF5C21B677D54BA9EB53FE93FBDA102 /* RecordingPanelController.swift */ = {isa = PBXFileReference; includeInIndex = 1; lastKnownFileType = sourcecode.swift; name = RecordingPanelController.swift; path = Features/RecordingPanel/RecordingPanelController.swift; sourceTree = "<group>"; };
		97A08E57D795C9ACB822129CF6A2D598 /* WhisperContextActor.swift */ = {isa = PBXFileReference; includeInIndex = 1; lastKnownFileType = sourcecode.swift; name = WhisperContextActor.swift; path = Platform/Models/WhisperContextActor.swift; sourceTree = "<group>"; };
		97B86AD31BB3F63E5A159A9D19F2E716 /* OnboardingPresenter.swift */ = {isa = PBXFileReference; includeInIndex = 1; lastKnownFileType = sourcecode.swift; name = OnboardingPresenter.swift; path = Features/Onboarding/OnboardingPresenter.swift; sourceTree = "<group>"; };
		A0CD09348CDB271FFA024B876734E144 /* AppLifecycleController.swift */ = {isa = PBXFileReference; includeInIndex = 1; lastKnownFileType = sourcecode.swift; name = AppLifecycleController.swift; path = App/AppLifecycleController.swift; sourceTree = "<group>"; };
		A642038853E6C55C270990404DAD5694 /* DictationInterfaces.swift */ = {isa = PBXFileReference; includeInIndex = 1; lastKnownFileType = sourcecode.swift; name = DictationInterfaces.swift; path = Features/Dictation/DictationInterfaces.swift; sourceTree = "<group>"; };
		AA02CD597044D155B2920EAE8CF67F0B /* DictionaryEntry.swift */ = {isa = PBXFileReference; includeInIndex = 1; lastKnownFileType = sourcecode.swift; name = DictionaryEntry.swift; path = Entities/DictionaryEntry.swift; sourceTree = "<group>"; };
		ABB392C2AD935561239E297F7D775AC5 /* SystemAudioRecorder.swift */ = {isa = PBXFileReference; includeInIndex = 1; lastKnownFileType = sourcecode.swift; name = SystemAudioRecorder.swift; path = Platform/Audio/SystemAudioRecorder.swift; sourceTree = "<group>"; };
		B595BBFC4B15E9ED79D506618763637E /* Info.plist */ = {isa = PBXFileReference; includeInIndex = 1; lastKnownFileType = text.plist.xml; path = Info.plist; sourceTree = "<group>"; };
		C249A1D9D09F98CB7783C4304C81DB95 /* Theme.swift */ = {isa = PBXFileReference; includeInIndex = 1; lastKnownFileType = sourcecode.swift; name = Theme.swift; path = DesignSystem/Theme.swift; sourceTree = "<group>"; };
		C358420FF256D30D918176643BADE1A0 /* LaunchGateView.swift */ = {isa = PBXFileReference; includeInIndex = 1; lastKnownFileType = sourcecode.swift; name = LaunchGateView.swift; path = Features/Onboarding/LaunchGateView.swift; sourceTree = "<group>"; };
		C4A2C1458CD388F2DCBA95A95DC56194 /* ModelManager.swift */ = {isa = PBXFileReference; includeInIndex = 1; lastKnownFileType = sourcecode.swift; name = ModelManager.swift; path = Platform/Models/ModelManager.swift; sourceTree = "<group>"; };
		C55AE44E6AF6D57361686F0B39E3D57B /* DictationPresenter.swift */ = {isa = PBXFileReference; includeInIndex = 1; lastKnownFileType = sourcecode.swift; name = DictationPresenter.swift; path = Features/Dictation/DictationPresenter.swift; sourceTree = "<group>"; };
		CF07ABE754869B35BE35D2E26040AA8D /* MenuBarView.swift */ = {isa = PBXFileReference; includeInIndex = 1; lastKnownFileType = sourcecode.swift; name = MenuBarView.swift; path = Features/MenuBar/MenuBarView.swift; sourceTree = "<group>"; };
		CF92799AF3B7F63E04FCD555699B262A /* HistoryDictionaryTests.swift */ = {isa = PBXFileReference; includeInIndex = 1; lastKnownFileType = sourcecode.swift; path = HistoryDictionaryTests.swift; sourceTree = "<group>"; };
		D047706DCF133AAC9C91A0F5A6E5E477 /* DictationState.swift */ = {isa = PBXFileReference; includeInIndex = 1; lastKnownFileType = sourcecode.swift; name = DictationState.swift; path = Entities/DictationState.swift; sourceTree = "<group>"; };
		D13BC4337C27DD7AF682F00BECAC4D01 /* ButtonStyles.swift */ = {isa = PBXFileReference; includeInIndex = 1; lastKnownFileType = sourcecode.swift; name = ButtonStyles.swift; path = DesignSystem/ButtonStyles.swift; sourceTree = "<group>"; };
		D3CE21134100E1F332979F58BC9175BA /* RightOptionEventTapTests.swift */ = {isa = PBXFileReference; includeInIndex = 1; lastKnownFileType = sourcecode.swift; path = RightOptionEventTapTests.swift; sourceTree = "<group>"; };
		D63BE93C9B8C1162E150E5DFD8C469B0 /* AppShellDestination.swift */ = {isa = PBXFileReference; includeInIndex = 1; lastKnownFileType = sourcecode.swift; name = AppShellDestination.swift; path = Entities/AppShellDestination.swift; sourceTree = "<group>"; };
		E1E63317D7B27006FDA4AB5FC8D2A40E /* UsageStatsStore.swift */ = {isa = PBXFileReference; includeInIndex = 1; lastKnownFileType = sourcecode.swift; name = UsageStatsStore.swift; path = Platform/Persistence/UsageStatsStore.swift; sourceTree = "<group>"; };
		E32BE8A07EEF8DBFCE5747545CBE4DBA /* OnboardingInteractor.swift */ = {isa = PBXFileReference; includeInIndex = 1; lastKnownFileType = sourcecode.swift; name = OnboardingInteractor.swift; path = Features/Onboarding/OnboardingInteractor.swift; sourceTree = "<group>"; };
		E4A38DEFD68E55B2773EABF74F39CD54 /* BehaviorPreferences.swift */ = {isa = PBXFileReference; includeInIndex = 1; lastKnownFileType = sourcecode.swift; name = BehaviorPreferences.swift; path = Features/Settings/BehaviorPreferences.swift; sourceTree = "<group>"; };
		E60A951C15E41F486201C6FDF4121DBD /* Cocoa.framework */ = {isa = PBXFileReference; lastKnownFileType = wrapper.framework; name = Cocoa.framework; path = Platforms/MacOSX.platform/Developer/SDKs/MacOSX26.0.sdk/System/Library/Frameworks/Cocoa.framework; sourceTree = DEVELOPER_DIR; };
		F00008209090DF4DB39AF4E111CE2F51 /* SystemTextInjectorTests.swift */ = {isa = PBXFileReference; includeInIndex = 1; lastKnownFileType = sourcecode.swift; path = SystemTextInjectorTests.swift; sourceTree = "<group>"; };
		F115CC0C8202CEBFD75E2BA8C9DB43E1 /* Sidebar.swift */ = {isa = PBXFileReference; includeInIndex = 1; lastKnownFileType = sourcecode.swift; name = Sidebar.swift; path = Features/AppShell/Sidebar.swift; sourceTree = "<group>"; };
		F3D4102728CC319CA916236ADA4B60ED /* LiquidGlass.swift */ = {isa = PBXFileReference; includeInIndex = 1; lastKnownFileType = sourcecode.swift; name = LiquidGlass.swift; path = DesignSystem/LiquidGlass.swift; sourceTree = "<group>"; };
		FC523129C2343AD165133689CFF36A70 /* ProviderConfigurationStore.swift */ = {isa = PBXFileReference; includeInIndex = 1; lastKnownFileType = sourcecode.swift; name = ProviderConfigurationStore.swift; path = Platform/Providers/ProviderConfigurationStore.swift; sourceTree = "<group>"; };
/* End PBXFileReference section */

/* Begin PBXFrameworksBuildPhase section */
		337E61CD31AD812724E6E6EB45CD609B /* Frameworks */ = {
			isa = PBXFrameworksBuildPhase;
			buildActionMask = 2147483647;
			files = (
				E4C4A7CF784B2BFB6C3329370E71619A /* Cocoa.framework in Frameworks */,
			);
			runOnlyForDeploymentPostprocessing = 0;
		};
		D414D7FAB5F6BB02A775C19C056CE84B /* Frameworks */ = {
			isa = PBXFrameworksBuildPhase;
			buildActionMask = 2147483647;
			files = (
				E4F1CA92E65CE1C01D84147AB0254DAB /* Cocoa.framework in Frameworks */,
				2F7C8FD4F6309A70893AB07EFF114262 /* WhisperBinary in Frameworks */,
			);
			runOnlyForDeploymentPostprocessing = 0;
		};
/* End PBXFrameworksBuildPhase section */

/* Begin PBXGroup section */
		1AFEF27AFB947024BF5BB56CC5C4BE4A = {
			isa = PBXGroup;
			children = (
				675D63EF000E969F068B3B015F8CE735 /* Frameworks */,
				A6FE7F4A245B78738F4B832360DEF86F /* Products */,
				7CC393854DF03DD734EAE5FDFAE8CDB4 /* WinterVoice */,
				E16EB5704DC1C473CAE819E4EB89F1A9 /* WinterVoiceTests */,
			);
			sourceTree = "<group>";
		};
		675D63EF000E969F068B3B015F8CE735 /* Frameworks */ = {
			isa = PBXGroup;
			children = (
				B2BEFF2725A4DC71A48EE86E758B46E1 /* OS X */,
			);
			name = Frameworks;
			sourceTree = "<group>";
		};
		7CC393854DF03DD734EAE5FDFAE8CDB4 /* WinterVoice */ = {
			isa = PBXGroup;
			children = (
				819AB077B102BAA6234E02EAD91844EE /* AppContainer.swift */,
				A0CD09348CDB271FFA024B876734E144 /* AppLifecycleController.swift */,
				6F0050A9AB86B8A9DDF56208D8090C71 /* AppRouter.swift */,
				D63BE93C9B8C1162E150E5DFD8C469B0 /* AppShellDestination.swift */,
				30A6591A6FFCA7173ECF4E1B4E96393B /* AppShellPresenter.swift */,
				143CC8EDBDBD5CB19DAB7407BD1E9CE9 /* AppShellView.swift */,
				8B7C365851184B0176381F229876BCCC /* AudioInputDevices.swift */,
				E4A38DEFD68E55B2773EABF74F39CD54 /* BehaviorPreferences.swift */,
				D13BC4337C27DD7AF682F00BECAC4D01 /* ButtonStyles.swift */,
				2C153C3D6951F5118A0CA3441DA95865 /* Components.swift */,
				7BC8EA385885C07C46D11DBC7BB82153 /* ConfiguredTranscriber.swift */,
				35C1BA9544D164C20382B13865E7EC2D /* DictationInteractor.swift */,
				A642038853E6C55C270990404DAD5694 /* DictationInterfaces.swift */,
				C55AE44E6AF6D57361686F0B39E3D57B /* DictationPresenter.swift */,
				D047706DCF133AAC9C91A0F5A6E5E477 /* DictationState.swift */,
				4198E9716D9EEA14EC1B3233B2A8FF66 /* DictationStateRelay.swift */,
				AA02CD597044D155B2920EAE8CF67F0B /* DictionaryEntry.swift */,
				2A6CC23E70E1F3AA91AD70897FBF2FD8 /* DictionaryPersistence.swift */,
				1A22BF88B45AE4F2EB1998567BC38A8F /* DictionaryView.swift */,
				0427BBDA0B9FF3BFFE32D4BA63C9A911 /* HistoryEntry.swift */,
				65B4650A8938FD08A42F24A8D1DD4822 /* HistoryPersistence.swift */,
				47D86B596E0AAC2E3B9F01C89E0D9D8C /* HistoryView.swift */,
				3CC011D2E7D6618FA79DA3F2D2121DE5 /* HotkeyBindingStore.swift */,
				53F0D89CBE99D02A8ED17F94CF4BA7C5 /* HotkeyHealth.swift */,
				834DE39C44BE76B8069C5E2457DA947D /* HotkeyHealthRelay.swift */,
				C358420FF256D30D918176643BADE1A0 /* LaunchGateView.swift */,
				F3D4102728CC319CA916236ADA4B60ED /* LiquidGlass.swift */,
				CF07ABE754869B35BE35D2E26040AA8D /* MenuBarView.swift */,
				87B2CBCB9A891E22FB52F31A7E5B7119 /* MicrophonePreferences.swift */,
				C4A2C1458CD388F2DCBA95A95DC56194 /* ModelManager.swift */,
				E32BE8A07EEF8DBFCE5747545CBE4DBA /* OnboardingInteractor.swift */,
				97B86AD31BB3F63E5A159A9D19F2E716 /* OnboardingPresenter.swift */,
				4C37D697989E94A585D730FA4102E168 /* OnboardingState.swift */,
				0D066A38EC389DF5342E2CA2FF48C8A9 /* OnboardingView.swift */,
				609829AFED9D735515D0FDA9E30164FC /* OperationalViews.swift */,
				0B7C1961280D5C89549C550248D70E7E /* PermissionState.swift */,
				4EC2F4C5F5F0754833AF1A879C65948B /* PermissionsView.swift */,
				FC523129C2343AD165133689CFF36A70 /* ProviderConfigurationStore.swift */,
				1FCDC245BF51D516FF7B36C2740C395D /* ProviderState.swift */,
				8FF5C21B677D54BA9EB53FE93FBDA102 /* RecordingPanelController.swift */,
				00EB2D15D51CA0F911EBCED37E3DB383 /* RecordingPanelView.swift */,
				7A6750394917380E2623D15572CBAEEF /* RecordingSessionFeedback.swift */,
				3C4F9F810873772F3DC19E61C8F910DD /* RemoteTranscriptionProvider.swift */,
				C3639C1C09FB063971C1D1E439B8AA7D /* Resources */,
				554C6130FC318DD166F7989D634012F5 /* RightOptionEventTap.swift */,
				4B6F4630D127FF5353F6C438E7C1C4CF /* SettingsView.swift */,
				F115CC0C8202CEBFD75E2BA8C9DB43E1 /* Sidebar.swift */,
				1EED30961758626028469499DC506B2C /* StatisticsView.swift */,
				ABB392C2AD935561239E297F7D775AC5 /* SystemAudioRecorder.swift */,
				5ABC6D661623E205639DB0B1FF7FF065 /* SystemPermissionManager.swift */,
				5A684EAA083E6350DA8128F7C1F88A92 /* SystemTextInjector.swift */,
				352868ED0DB60908EDC5A89C25200E2B /* SystemTranscriptCopier.swift */,
				6811F81559D1433E0F819C4173143218 /* TextFieldStyle.swift */,
				C249A1D9D09F98CB7783C4304C81DB95 /* Theme.swift */,
				79F32FCDB5D6B21931C84B82C4B9695D /* TranscriptionLanguage.swift */,
				286F3D6EE1CD31E566214D198480765C /* TranscriptionSettingsController.swift */,
				4DB5252EF92B4412E62009DC67309965 /* UpdateChecker.swift */,
				78334C3226A9607B052E0E3E02D8E3AB /* UpdateController.swift */,
				E1E63317D7B27006FDA4AB5FC8D2A40E /* UsageStatsStore.swift */,
				6BD8ECE21D8DC1FC6777B52D5E79B483 /* UsageTotals.swift */,
				97A08E57D795C9ACB822129CF6A2D598 /* WhisperContextActor.swift */,
				214B7DD7573BA89B97F758729CBEB4D6 /* WindowConfigurator.swift */,
				5ECFB9C89F8685F0E4746EB4A8383D76 /* WinterVoiceApp.swift */,
			);
			name = WinterVoice;
			path = WinterVoice;
			sourceTree = "<group>";
		};
		A6FE7F4A245B78738F4B832360DEF86F /* Products */ = {
			isa = PBXGroup;
			children = (
				5A36D6AB27A20A1931B30CF1FC7D8DD4 /* WinterVoice.app */,
				3AE66AA18FB0BD88DF457423030F1BA3 /* WinterVoiceTests.xctest */,
			);
			name = Products;
			sourceTree = "<group>";
		};
		B2BEFF2725A4DC71A48EE86E758B46E1 /* OS X */ = {
			isa = PBXGroup;
			children = (
				E60A951C15E41F486201C6FDF4121DBD /* Cocoa.framework */,
			);
			name = "OS X";
			sourceTree = "<group>";
		};
		C3639C1C09FB063971C1D1E439B8AA7D /* Resources */ = {
			isa = PBXGroup;
			children = (
				1BC1D5675F682621084A3CA1D1A8AA08 /* Assets.xcassets */,
				7589D95083C7F428C3BD53ABCFB1E4FF /* Fonts */,
				B595BBFC4B15E9ED79D506618763637E /* Info.plist */,
			);
			name = Resources;
			path = Resources;
			sourceTree = "<group>";
		};
		E16EB5704DC1C473CAE819E4EB89F1A9 /* WinterVoiceTests */ = {
			isa = PBXGroup;
			children = (
				2178A50BACCCE9D12B78E776C3790723 /* AppShellSemanticsTests.swift */,
				6F848EFC7086DD3D6D14CE7CF1D42AE7 /* DictationStateMachineTests.swift */,
				CF92799AF3B7F63E04FCD555699B262A /* HistoryDictionaryTests.swift */,
				6D255D861B926AB54EE252FA80D5FBEE /* ModelManagerTests.swift */,
				8E1C3BBFE3DCC5199566CE17FE8B5412 /* OnboardingTests.swift */,
				126298A912BC899783DD76B9E1F6BD88 /* ProviderTests.swift */,
				D3CE21134100E1F332979F58BC9175BA /* RightOptionEventTapTests.swift */,
				F00008209090DF4DB39AF4E111CE2F51 /* SystemTextInjectorTests.swift */,
				34C116BD82DA48CA92B992161CA03BB6 /* TranscriptionSettingsControllerTests.swift */,
				48B5EDA7A5B171812F270272A26B876E /* UpdateCheckerTests.swift */,
				7D45162A3B1514099A79C864FD5F1CC5 /* WidgetSnapshotTests.swift */,
			);
			name = WinterVoiceTests;
			path = WinterVoiceTests;
			sourceTree = "<group>";
		};
/* End PBXGroup section */

/* Begin PBXNativeTarget section */
		147E0CD0F504578F1E34AB99B5586730 /* WinterVoiceTests */ = {
			isa = PBXNativeTarget;
			buildConfigurationList = 115ACFA0E90C5F1D75791CBA346B4480 /* Build configuration list for PBXNativeTarget "WinterVoiceTests" */;
			buildPhases = (
				A276B1D0686A462A4995BB7FD7FB12A5 /* Sources */,
				337E61CD31AD812724E6E6EB45CD609B /* Frameworks */,
				5DE9596B5C60C0707F2DD49ED42F54AE /* Resources */,
			);
			buildRules = (
			);
			dependencies = (
				2C0C4D0F5C0CFDC99F9C1D4374E37F03 /* PBXTargetDependency */,
			);
			name = WinterVoiceTests;
			productName = WinterVoiceTests;
			productReference = 3AE66AA18FB0BD88DF457423030F1BA3 /* WinterVoiceTests.xctest */;
			productType = "com.apple.product-type.bundle.unit-test";
		};
		AD675294D3C7420F887CC387EC01410B /* WinterVoice */ = {
			isa = PBXNativeTarget;
			buildConfigurationList = F00CFEB7EE52509999916BB671F2CDDB /* Build configuration list for PBXNativeTarget "WinterVoice" */;
			buildPhases = (
				0EB908482DF41A78D0266A96F637101A /* Sources */,
				D414D7FAB5F6BB02A775C19C056CE84B /* Frameworks */,
				08B3845CB9E251A872082152D149E285 /* Resources */,
			);
			buildRules = (
			);
			dependencies = (
			);
			name = WinterVoice;
			packageProductDependencies = (
				7FEB1AB70E4704FCB7BC32B055D5D41C /* WhisperBinary */,
			);
			productName = WinterVoice;
			productReference = 5A36D6AB27A20A1931B30CF1FC7D8DD4 /* WinterVoice.app */;
			productType = "com.apple.product-type.application";
		};
/* End PBXNativeTarget section */

/* Begin PBXProject section */
		667D958920306F5D80AD200BE87BEB74 /* Project object */ = {
			isa = PBXProject;
			attributes = {
				LastSwiftUpdateCheck = 2650;
				LastUpgradeCheck = 2650;
			};
			buildConfigurationList = 0776F94EA1D7C09CB477DCA76DBC256D /* Build configuration list for PBXProject "WinterVoice" */;
			compatibilityVersion = "Xcode 3.2";
			developmentRegion = en;
			hasScannedForEncodings = 0;
			knownRegions = (
				en,
				Base,
			);
			mainGroup = 1AFEF27AFB947024BF5BB56CC5C4BE4A;
			minimizedProjectReferenceProxies = 0;
			packageReferences = (
				C6C8A24391F388C31C46EC35F1FEEEB8 /* XCLocalSwiftPackageReference "WhisperBinary" */,
			);
			preferredProjectObjectVersion = 100;
			productRefGroup = A6FE7F4A245B78738F4B832360DEF86F /* Products */;
			projectDirPath = "";
			projectRoot = "";
			targets = (
				AD675294D3C7420F887CC387EC01410B /* WinterVoice */,
				147E0CD0F504578F1E34AB99B5586730 /* WinterVoiceTests */,
			);
		};
/* End PBXProject section */

/* Begin PBXResourcesBuildPhase section */
		08B3845CB9E251A872082152D149E285 /* Resources */ = {
			isa = PBXResourcesBuildPhase;
			buildActionMask = 2147483647;
			files = (
				669A79180A882D47A335CAEC71C1CEF2 /* Assets.xcassets in Resources */,
				3E51C8DB368B9616A0367E528946F7AA /* Fonts in Resources */,
			);
			runOnlyForDeploymentPostprocessing = 0;
		};
		5DE9596B5C60C0707F2DD49ED42F54AE /* Resources */ = {
			isa = PBXResourcesBuildPhase;
			buildActionMask = 2147483647;
			files = (
			);
			runOnlyForDeploymentPostprocessing = 0;
		};
/* End PBXResourcesBuildPhase section */

/* Begin PBXSourcesBuildPhase section */
		0EB908482DF41A78D0266A96F637101A /* Sources */ = {
			isa = PBXSourcesBuildPhase;
			buildActionMask = 2147483647;
			files = (
				F398764FA625E16839184BC7A048DFE5 /* AppContainer.swift in Sources */,
				72E2DB2B2657AE32EBD81FDDB5908B08 /* AppLifecycleController.swift in Sources */,
				6A28006D291B340E44E1E39234A4F3DA /* AppRouter.swift in Sources */,
				C8632716411EBE80BD3BE550F38F5ABD /* AppShellDestination.swift in Sources */,
				D487790DBDA9585146C0F8C693DC812F /* AppShellPresenter.swift in Sources */,
				87000FC679B28325B0021A657B94BDAD /* AppShellView.swift in Sources */,
				773F87E267C8349EB6232D09AC3CD722 /* AudioInputDevices.swift in Sources */,
				B28CA04D423FD0BE6F3AA804A35E778F /* BehaviorPreferences.swift in Sources */,
				ECBA20DEB748FF95A943BA50528969AE /* ButtonStyles.swift in Sources */,
				894121F396A9ABE1479B15C5B908247E /* Components.swift in Sources */,
				CA71FD00DEA4ED4E1449360C226D8BCF /* ConfiguredTranscriber.swift in Sources */,
				025E2E7F5A96B78C7CD9C8F1A2AB7D4F /* DictationInteractor.swift in Sources */,
				5484B0999C25330916F829ABCECC15E3 /* DictationInterfaces.swift in Sources */,
				36AC458F973078BF547529AFCC058D5E /* DictationPresenter.swift in Sources */,
				3137A274C0C375927A0269BF52CB4C67 /* DictationState.swift in Sources */,
				F4FD50916DD323D1A0E682DAD77F6727 /* DictationStateRelay.swift in Sources */,
				196FDF910B9017F5768A74C324F9632E /* DictionaryEntry.swift in Sources */,
				B628BC04C101B1756EA0AE3B92DA5B7D /* DictionaryPersistence.swift in Sources */,
				E4FA920B9B39F8651DE4E0A978F78505 /* DictionaryView.swift in Sources */,
				4D97646BE438BCDAFDC6E91ED4AB8A9B /* HistoryEntry.swift in Sources */,
				E60FC94C9492C7A179990F5208B25F5E /* HistoryPersistence.swift in Sources */,
				DF136A85E67ADE4A981BBD3DBE192942 /* HistoryView.swift in Sources */,
				8300757872591764E2FC8E4FA68E98E1 /* HotkeyBindingStore.swift in Sources */,
				8094D6390EB5357034939A3EC2815347 /* HotkeyHealth.swift in Sources */,
				40EA2853B8296CD1EF6979E1F5C821CE /* HotkeyHealthRelay.swift in Sources */,
				28991F1E35BB742F449D86012B4A61AD /* LaunchGateView.swift in Sources */,
				1E7DED35C929BB2D5167C77D99D6F3BD /* LiquidGlass.swift in Sources */,
				6E38743E152540FA621E78884C0D5279 /* MenuBarView.swift in Sources */,
				10EA6B08FC6DAE6488ACF44EE1615F46 /* MicrophonePreferences.swift in Sources */,
				A203AE95CEB6BF40483BCA248A845F2B /* ModelManager.swift in Sources */,
				0F6C88F47BCF7FFAA202AAC6624F67B5 /* OnboardingInteractor.swift in Sources */,
				B9ED761AF46A5E2F738D44A57AEC0E2B /* OnboardingPresenter.swift in Sources */,
				9A3771E3383F663AD57BBE16033B55AD /* OnboardingState.swift in Sources */,
				DEE10D026CC1F390E85449D3D65FE222 /* OnboardingView.swift in Sources */,
				67B48B81F0F399A5638847CA4DE0F9E3 /* OperationalViews.swift in Sources */,
				6EEE4E3CBEDC0F8E97D0B4B75DCBD231 /* PermissionState.swift in Sources */,
				07CDD76FF9C3DCF8E973EA8FD06352E4 /* PermissionsView.swift in Sources */,
				3E4FC261637587E864C1E7A9BC238611 /* ProviderConfigurationStore.swift in Sources */,
				F6DC90AAEF96ACA909B191E1A92308CF /* ProviderState.swift in Sources */,
				F35A68A113052526381B753D33471124 /* RecordingPanelController.swift in Sources */,
				80C352111ACA467943FACB80C54769D0 /* RecordingPanelView.swift in Sources */,
				8633B0B56DEEC9910C42AB6CB64FC598 /* RecordingSessionFeedback.swift in Sources */,
				70AC118C5E330279CBC3C04927A2A9C0 /* RemoteTranscriptionProvider.swift in Sources */,
				113B2884509D55C750703C20C90DC257 /* RightOptionEventTap.swift in Sources */,
				033AF392CB87F2306F4748DD6E31AE1C /* SettingsView.swift in Sources */,
				9FA7D9EAFCE833265A16ABEB7D8CE248 /* Sidebar.swift in Sources */,
				C1AB80342D531D9AF17BC14EE300F7FE /* StatisticsView.swift in Sources */,
				A8BAF33A42B832EAA5E0B0E6FBAD89DB /* SystemAudioRecorder.swift in Sources */,
				3C8725834907A9B19F3073D87C7C5A35 /* SystemPermissionManager.swift in Sources */,
				13FE7F01F3AD1406A064813177ACF24C /* SystemTextInjector.swift in Sources */,
				8FDA45D51C5BADE5F07A54EE2D1916FD /* SystemTranscriptCopier.swift in Sources */,
				DF7F5D22A9EDAEB78E3F28CA6F47F881 /* TextFieldStyle.swift in Sources */,
				A80A536EB451332F5A8EF28152FC6DEE /* Theme.swift in Sources */,
				27DCB2F36D2ED26483E05D0A4F2FEE2F /* TranscriptionLanguage.swift in Sources */,
				CC523B674C60458D503FD40C15FD9994 /* TranscriptionSettingsController.swift in Sources */,
				9D3BDF202CE6FF06CAF1A19821C5D71B /* UpdateChecker.swift in Sources */,
				52CDF8B643AC93BCCE4B96D65AB26B83 /* UpdateController.swift in Sources */,
				BDBC9F4437D1BBC3B1864B5CBF2C7B38 /* UsageStatsStore.swift in Sources */,
				E67E424E4C910130BA7CA53D17E86C17 /* UsageTotals.swift in Sources */,
				D581C560DCC22D72B9EAEB6D8044E6F4 /* WhisperContextActor.swift in Sources */,
				2A506A92115FB5D504E4BEA5131C1893 /* WindowConfigurator.swift in Sources */,
				90D50637BDF43A4380FC77417C32AD91 /* WinterVoiceApp.swift in Sources */,
			);
			runOnlyForDeploymentPostprocessing = 0;
		};
		A276B1D0686A462A4995BB7FD7FB12A5 /* Sources */ = {
			isa = PBXSourcesBuildPhase;
			buildActionMask = 2147483647;
			files = (
				19F147171A9FDC74A6EC45E5EE6C6246 /* AppShellSemanticsTests.swift in Sources */,
				C6CEFE99EE0E306C3B3AC052D7995A8A /* DictationStateMachineTests.swift in Sources */,
				5F7C77418E5494FD232757680EA16B9F /* HistoryDictionaryTests.swift in Sources */,
				09F1C647EBC232627E4613F871D848A8 /* ModelManagerTests.swift in Sources */,
				A7AADADB1B4DE473ECEEF5322234779B /* OnboardingTests.swift in Sources */,
				D0B77A7CF3F71EA29286FD31F5EECEEA /* ProviderTests.swift in Sources */,
				0EBDA93C0CA8ACE5E439F106A802618A /* RightOptionEventTapTests.swift in Sources */,
				CFF6693405A7B14F5CD3DA1D77C806FF /* SystemTextInjectorTests.swift in Sources */,
				3A61A21FC8FF455B4D58017567EAC32E /* TranscriptionSettingsControllerTests.swift in Sources */,
				06375606E4D8483C4D292DDBF2A6C293 /* UpdateCheckerTests.swift in Sources */,
				36A4051A28E80F7D1B29166AF9C4C741 /* WidgetSnapshotTests.swift in Sources */,
			);
			runOnlyForDeploymentPostprocessing = 0;
		};
/* End PBXSourcesBuildPhase section */

/* Begin PBXTargetDependency section */
		2C0C4D0F5C0CFDC99F9C1D4374E37F03 /* PBXTargetDependency */ = {
			isa = PBXTargetDependency;
			name = WinterVoice;
			target = AD675294D3C7420F887CC387EC01410B /* WinterVoice */;
			targetProxy = 1DD9D2966B1E67C5D6A6FC742309090C /* PBXContainerItemProxy */;
		};
/* End PBXTargetDependency section */

/* Begin XCBuildConfiguration section */
		543C77C9274AD7940C2CE203FC53F323 /* Debug */ = {
			isa = XCBuildConfiguration;
			buildSettings = {
				ALWAYS_SEARCH_USER_PATHS = NO;
				CLANG_ANALYZER_NONNULL = YES;
				CLANG_ANALYZER_NUMBER_OBJECT_CONVERSION = YES_AGGRESSIVE;
				CLANG_CXX_LANGUAGE_STANDARD = "gnu++14";
				CLANG_CXX_LIBRARY = "libc++";
				CLANG_ENABLE_MODULES = YES;
				CLANG_ENABLE_OBJC_ARC = YES;
				CLANG_ENABLE_OBJC_WEAK = YES;
				CLANG_WARN_BLOCK_CAPTURE_AUTORELEASING = YES;
				CLANG_WARN_BOOL_CONVERSION = YES;
				CLANG_WARN_COMMA = YES;
				CLANG_WARN_CONSTANT_CONVERSION = YES;
				CLANG_WARN_DEPRECATED_OBJC_IMPLEMENTATIONS = YES;
				CLANG_WARN_DIRECT_OBJC_ISA_USAGE = YES_ERROR;
				CLANG_WARN_DOCUMENTATION_COMMENTS = YES;
				CLANG_WARN_EMPTY_BODY = YES;
				CLANG_WARN_ENUM_CONVERSION = YES;
				CLANG_WARN_INFINITE_RECURSION = YES;
				CLANG_WARN_INT_CONVERSION = YES;
				CLANG_WARN_NON_LITERAL_NULL_CONVERSION = YES;
				CLANG_WARN_OBJC_IMPLICIT_RETAIN_SELF = YES;
				CLANG_WARN_OBJC_LITERAL_CONVERSION = YES;
				CLANG_WARN_OBJC_ROOT_CLASS = YES_ERROR;
				CLANG_WARN_QUOTED_INCLUDE_IN_FRAMEWORK_HEADER = YES;
				CLANG_WARN_RANGE_LOOP_ANALYSIS = YES;
				CLANG_WARN_STRICT_PROTOTYPES = YES;
				CLANG_WARN_SUSPICIOUS_MOVE = YES;
				CLANG_WARN_UNGUARDED_AVAILABILITY = YES_AGGRESSIVE;
				CLANG_WARN_UNREACHABLE_CODE = YES;
				CLANG_WARN__DUPLICATE_METHOD_MATCH = YES;
				COPY_PHASE_STRIP = NO;
				DEBUG_INFORMATION_FORMAT = dwarf;
				ENABLE_STRICT_OBJC_MSGSEND = YES;
				ENABLE_TESTABILITY = YES;
				GCC_C_LANGUAGE_STANDARD = gnu11;
				GCC_DYNAMIC_NO_PIC = NO;
				GCC_NO_COMMON_BLOCKS = YES;
				GCC_OPTIMIZATION_LEVEL = 0;
				GCC_PREPROCESSOR_DEFINITIONS = (
					"DEBUG=1",
					"$(inherited)",
				);
				GCC_WARN_64_TO_32_BIT_CONVERSION = YES;
				GCC_WARN_ABOUT_RETURN_TYPE = YES_ERROR;
				GCC_WARN_UNDECLARED_SELECTOR = YES;
				GCC_WARN_UNINITIALIZED_AUTOS = YES_AGGRESSIVE;
				GCC_WARN_UNUSED_FUNCTION = YES;
				GCC_WARN_UNUSED_VARIABLE = YES;
				MTL_ENABLE_DEBUG_INFO = INCLUDE_SOURCE;
				MTL_FAST_MATH = YES;
				ONLY_ACTIVE_ARCH = YES;
				PRODUCT_NAME = "$(TARGET_NAME)";
				SWIFT_ACTIVE_COMPILATION_CONDITIONS = DEBUG;
				SWIFT_OPTIMIZATION_LEVEL = "-Onone";
				SWIFT_VERSION = 5.0;
			};
			name = Debug;
		};
		59518A79AC5D7956D55407302E47B96E /* Release */ = {
			isa = XCBuildConfiguration;
			buildSettings = {
				ALWAYS_SEARCH_USER_PATHS = NO;
				CLANG_ANALYZER_NONNULL = YES;
				CLANG_ANALYZER_NUMBER_OBJECT_CONVERSION = YES_AGGRESSIVE;
				CLANG_CXX_LANGUAGE_STANDARD = "gnu++14";
				CLANG_CXX_LIBRARY = "libc++";
				CLANG_ENABLE_MODULES = YES;
				CLANG_ENABLE_OBJC_ARC = YES;
				CLANG_ENABLE_OBJC_WEAK = YES;
				CLANG_WARN_BLOCK_CAPTURE_AUTORELEASING = YES;
				CLANG_WARN_BOOL_CONVERSION = YES;
				CLANG_WARN_COMMA = YES;
				CLANG_WARN_CONSTANT_CONVERSION = YES;
				CLANG_WARN_DEPRECATED_OBJC_IMPLEMENTATIONS = YES;
				CLANG_WARN_DIRECT_OBJC_ISA_USAGE = YES_ERROR;
				CLANG_WARN_DOCUMENTATION_COMMENTS = YES;
				CLANG_WARN_EMPTY_BODY = YES;
				CLANG_WARN_ENUM_CONVERSION = YES;
				CLANG_WARN_INFINITE_RECURSION = YES;
				CLANG_WARN_INT_CONVERSION = YES;
				CLANG_WARN_NON_LITERAL_NULL_CONVERSION = YES;
				CLANG_WARN_OBJC_IMPLICIT_RETAIN_SELF = YES;
				CLANG_WARN_OBJC_LITERAL_CONVERSION = YES;
				CLANG_WARN_OBJC_ROOT_CLASS = YES_ERROR;
				CLANG_WARN_QUOTED_INCLUDE_IN_FRAMEWORK_HEADER = YES;
				CLANG_WARN_RANGE_LOOP_ANALYSIS = YES;
				CLANG_WARN_STRICT_PROTOTYPES = YES;
				CLANG_WARN_SUSPICIOUS_MOVE = YES;
				CLANG_WARN_UNGUARDED_AVAILABILITY = YES_AGGRESSIVE;
				CLANG_WARN_UNREACHABLE_CODE = YES;
				CLANG_WARN__DUPLICATE_METHOD_MATCH = YES;
				COPY_PHASE_STRIP = NO;
				DEBUG_INFORMATION_FORMAT = "dwarf-with-dsym";
				ENABLE_NS_ASSERTIONS = NO;
				ENABLE_STRICT_OBJC_MSGSEND = YES;
				GCC_C_LANGUAGE_STANDARD = gnu11;
				GCC_NO_COMMON_BLOCKS = YES;
				GCC_WARN_64_TO_32_BIT_CONVERSION = YES;
				GCC_WARN_ABOUT_RETURN_TYPE = YES_ERROR;
				GCC_WARN_UNDECLARED_SELECTOR = YES;
				GCC_WARN_UNINITIALIZED_AUTOS = YES_AGGRESSIVE;
				GCC_WARN_UNUSED_FUNCTION = YES;
				GCC_WARN_UNUSED_VARIABLE = YES;
				MTL_ENABLE_DEBUG_INFO = NO;
				MTL_FAST_MATH = YES;
				PRODUCT_NAME = "$(TARGET_NAME)";
				SWIFT_COMPILATION_MODE = wholemodule;
				SWIFT_OPTIMIZATION_LEVEL = "-O";
				SWIFT_VERSION = 5.0;
			};
			name = Release;
		};
		67830538B5CCAD716F5F8DA033BCF1B7 /* Release */ = {
			isa = XCBuildConfiguration;
			buildSettings = {
				ASSETCATALOG_COMPILER_APPICON_NAME = AppIcon;
				ASSETCATALOG_COMPILER_GLOBAL_ACCENT_COLOR_NAME = AccentColor;
				CODE_SIGN_STYLE = Automatic;
				COMBINE_HIDPI_IMAGES = YES;
				ENABLE_HARDENED_RUNTIME = YES;
				GENERATE_INFOPLIST_FILE = NO;
				INFOPLIST_FILE = WinterVoice/Resources/Info.plist;
				LD_RUNPATH_SEARCH_PATHS = "$(inherited) @executable_path/../Frameworks";
				MACOSX_DEPLOYMENT_TARGET = 14.0;
				PRODUCT_BUNDLE_IDENTIFIER = com.winterzxzz.WinterVoice;
				PRODUCT_NAME = "$(TARGET_NAME)";
				SDKROOT = macosx;
				SWIFT_STRICT_CONCURRENCY = complete;
				SWIFT_VERSION = 6.0;
			};
			name = Release;
		};
		6D023F416E6387FDC72EEC57AE4ED367 /* Release */ = {
			isa = XCBuildConfiguration;
			buildSettings = {
				BUNDLE_LOADER = "$(TEST_HOST)";
				GENERATE_INFOPLIST_FILE = YES;
				MACOSX_DEPLOYMENT_TARGET = 14.0;
				PRODUCT_BUNDLE_IDENTIFIER = com.winterzxzz.WinterVoiceTests;
				SDKROOT = macosx;
				SWIFT_VERSION = 6.0;
				TEST_HOST = "$(BUILT_PRODUCTS_DIR)/WinterVoice.app/Contents/MacOS/WinterVoice";
			};
			name = Release;
		};
		A83B84F8A6761DB7DD6B01BB982125BD /* Debug */ = {
			isa = XCBuildConfiguration;
			buildSettings = {
				BUNDLE_LOADER = "$(TEST_HOST)";
				GENERATE_INFOPLIST_FILE = YES;
				MACOSX_DEPLOYMENT_TARGET = 14.0;
				PRODUCT_BUNDLE_IDENTIFIER = com.winterzxzz.WinterVoiceTests;
				SDKROOT = macosx;
				SWIFT_VERSION = 6.0;
				TEST_HOST = "$(BUILT_PRODUCTS_DIR)/WinterVoice.app/Contents/MacOS/WinterVoice";
			};
			name = Debug;
		};
		D912407E513F5E48EE248146044E8BD7 /* Debug */ = {
			isa = XCBuildConfiguration;
			buildSettings = {
				ASSETCATALOG_COMPILER_APPICON_NAME = AppIcon;
				ASSETCATALOG_COMPILER_GLOBAL_ACCENT_COLOR_NAME = AccentColor;
				CODE_SIGN_STYLE = Automatic;
				COMBINE_HIDPI_IMAGES = YES;
				ENABLE_HARDENED_RUNTIME = YES;
				GENERATE_INFOPLIST_FILE = NO;
				INFOPLIST_FILE = WinterVoice/Resources/Info.plist;
				LD_RUNPATH_SEARCH_PATHS = "$(inherited) @executable_path/../Frameworks";
				MACOSX_DEPLOYMENT_TARGET = 14.0;
				PRODUCT_BUNDLE_IDENTIFIER = com.winterzxzz.WinterVoice;
				PRODUCT_NAME = "$(TARGET_NAME)";
				SDKROOT = macosx;
				SWIFT_STRICT_CONCURRENCY = complete;
				SWIFT_VERSION = 6.0;
			};
			name = Debug;
		};
/* End XCBuildConfiguration section */

/* Begin XCConfigurationList section */
		0776F94EA1D7C09CB477DCA76DBC256D /* Build configuration list for PBXProject "WinterVoice" */ = {
			isa = XCConfigurationList;
			buildConfigurations = (
				543C77C9274AD7940C2CE203FC53F323 /* Debug */,
				59518A79AC5D7956D55407302E47B96E /* Release */,
			);
			defaultConfigurationIsVisible = 0;
			defaultConfigurationName = Release;
		};
		115ACFA0E90C5F1D75791CBA346B4480 /* Build configuration list for PBXNativeTarget "WinterVoiceTests" */ = {
			isa = XCConfigurationList;
			buildConfigurations = (
				A83B84F8A6761DB7DD6B01BB982125BD /* Debug */,
				6D023F416E6387FDC72EEC57AE4ED367 /* Release */,
			);
			defaultConfigurationIsVisible = 0;
			defaultConfigurationName = Release;
		};
		F00CFEB7EE52509999916BB671F2CDDB /* Build configuration list for PBXNativeTarget "WinterVoice" */ = {
			isa = XCConfigurationList;
			buildConfigurations = (
				D912407E513F5E48EE248146044E8BD7 /* Debug */,
				67830538B5CCAD716F5F8DA033BCF1B7 /* Release */,
			);
			defaultConfigurationIsVisible = 0;
			defaultConfigurationName = Release;
		};
/* End XCConfigurationList section */

/* Begin XCLocalSwiftPackageReference section */
		C6C8A24391F388C31C46EC35F1FEEEB8 /* XCLocalSwiftPackageReference "WhisperBinary" */ = {
			isa = XCLocalSwiftPackageReference;
			relativePath = Vendor/WhisperBinary;
		};
/* End XCLocalSwiftPackageReference section */

/* Begin XCSwiftPackageProductDependency section */
		7FEB1AB70E4704FCB7BC32B055D5D41C /* WhisperBinary */ = {
			isa = XCSwiftPackageProductDependency;
			package = C6C8A24391F388C31C46EC35F1FEEEB8 /* XCLocalSwiftPackageReference "WhisperBinary" */;
			productName = WhisperBinary;
		};
/* End XCSwiftPackageProductDependency section */
	};
	rootObject = 667D958920306F5D80AD200BE87BEB74 /* Project object */;
}
