// !$*UTF8*$!
{
	archiveVersion = 1;
	classes = {
	};
	objectVersion = 46;
	objects = {

/* Begin PBXBuildFile section */
		008E3CAFA12E8D82033321DAA8F78E92 /* DictionaryPersistence.swift in Sources */ = {isa = PBXBuildFile; fileRef = F21240B45C34F44684692D2F0360C371 /* DictionaryPersistence.swift */; };
		07938D2F42906D00F75EAEDABBDE3904 /* AppLifecycleController.swift in Sources */ = {isa = PBXBuildFile; fileRef = 53C0FAF9FECF69464790A0FF2F032700 /* AppLifecycleController.swift */; };
		087181E587C19204E1559618CA3005D0 /* HistoryView.swift in Sources */ = {isa = PBXBuildFile; fileRef = 2825FCFDBB51F9489CD332EEB57FB5CC /* HistoryView.swift */; };
		0BCC0E91715CD52E2EED95A4B7F9F44D /* LaunchGateView.swift in Sources */ = {isa = PBXBuildFile; fileRef = F2F07C61122EC0143785E020EB9CDD2F /* LaunchGateView.swift */; };
		0C89C8C777A90B618AEF343104030A5F /* ButtonStyles.swift in Sources */ = {isa = PBXBuildFile; fileRef = 01CB266E9603AAD1DE054BA02838B297 /* ButtonStyles.swift */; };
		11F4638C355A45E407E056A892921E59 /* DictationState.swift in Sources */ = {isa = PBXBuildFile; fileRef = CD0DF828478AA2731775673D861EA08A /* DictationState.swift */; };
		1B93C2E8095DE08F71C24CDE7E532451 /* OperationalViews.swift in Sources */ = {isa = PBXBuildFile; fileRef = 624A2753E6AA8111297745AEA47DEAE2 /* OperationalViews.swift */; };
		1D04AAA06E63AFECA97644229BAFF0ED /* HotkeyHealthRelay.swift in Sources */ = {isa = PBXBuildFile; fileRef = 19993A404136DC35FD23F11477F6E3C9 /* HotkeyHealthRelay.swift */; };
		22EE9A52B8BC72207908E578C861C68A /* ModelManagerTests.swift in Sources */ = {isa = PBXBuildFile; fileRef = 03536A70E969C72E383DCB6EC9D133CD /* ModelManagerTests.swift */; };
		300368AC83FAFC03F8E1129FCF5EB350 /* PermissionsView.swift in Sources */ = {isa = PBXBuildFile; fileRef = 5113396767522ECEAB81D71D36921A88 /* PermissionsView.swift */; };
		36F66EB0865519C3AF76045B0D9E3966 /* Sidebar.swift in Sources */ = {isa = PBXBuildFile; fileRef = 7BEA68D7F715C4A75C348CEA53E65427 /* Sidebar.swift */; };
		3B03AB30FF73BA9D19EAF71097862A51 /* DictationStateRelay.swift in Sources */ = {isa = PBXBuildFile; fileRef = 7F5704484258BE40A857639152985556 /* DictationStateRelay.swift */; };
		420EE8576049144655AF5FDED8AAF4F9 /* OnboardingInteractor.swift in Sources */ = {isa = PBXBuildFile; fileRef = F74A40E05001340530DE5FA197A5C8BC /* OnboardingInteractor.swift */; };
		4894631A87944140D39B244CD7881E62 /* AppShellPresenter.swift in Sources */ = {isa = PBXBuildFile; fileRef = 8A5F613657C694232612DED4021B7823 /* AppShellPresenter.swift */; };
		4BF841F4126A1835040CCA35F93A1B03 /* WhisperBinary in Frameworks */ = {isa = PBXBuildFile; productRef = D6B10D5782F71CEEED3E07116D4E04B2 /* WhisperBinary */; };
		4D167ED01AEADB52500D5FF05C5F8BF3 /* SystemTextInjector.swift in Sources */ = {isa = PBXBuildFile; fileRef = A7AD59296261B6DBD1D2A59E02B9F6D3 /* SystemTextInjector.swift */; };
		4D8F77E4E6A13BCC40F46A82665881C8 /* DictationPresenter.swift in Sources */ = {isa = PBXBuildFile; fileRef = AF7A1F4A0FB78AA44541BD5D60B672A2 /* DictationPresenter.swift */; };
		51035F7CC32514F1717059BF9CC0AA50 /* ProviderTests.swift in Sources */ = {isa = PBXBuildFile; fileRef = EDE70E5734D7B934C8CADF6D3B08F039 /* ProviderTests.swift */; };
		554BF8CE4573D1F40BA1BAFA351A7C2A /* RemoteTranscriptionProvider.swift in Sources */ = {isa = PBXBuildFile; fileRef = B79762EA0BB2514D6426FD3A7F8A9913 /* RemoteTranscriptionProvider.swift */; };
		554D01E4F8D2FFB6D7C4335317FFE762 /* Cocoa.framework in Frameworks */ = {isa = PBXBuildFile; fileRef = E60A951C15E41F486201C6FDF4121DBD /* Cocoa.framework */; };
		58DCE38063B338B735CCAE6A7D42CF3E /* TranscriptionSettingsController.swift in Sources */ = {isa = PBXBuildFile; fileRef = E77FAD2CACF36DDAFA5D0D674AB583DF /* TranscriptionSettingsController.swift */; };
		5C3177FC87C7D2F6A3D343D8745E0141 /* PermissionState.swift in Sources */ = {isa = PBXBuildFile; fileRef = 3198FB6A49C5D383C4CA19BAF77D796F /* PermissionState.swift */; };
		5C46A5604097CE2C511D210B0BCDADDA /* OnboardingState.swift in Sources */ = {isa = PBXBuildFile; fileRef = 508620BDB960BFC7793C5BB28B4F7B85 /* OnboardingState.swift */; };
		5CBDEE5D87FCA401AAF633BE04CBDF28 /* HistoryEntry.swift in Sources */ = {isa = PBXBuildFile; fileRef = 9DE9060EB5AA085AEA1182A4B0630C2D /* HistoryEntry.swift */; };
		6136FEE65F2778993A0D15CE18FA0C46 /* DictionaryView.swift in Sources */ = {isa = PBXBuildFile; fileRef = F16674E50DE5239443EC8D270FC24DEF /* DictionaryView.swift */; };
		61B9D86E241B9957ACD7BD960CB0AD0B /* ConfiguredTranscriber.swift in Sources */ = {isa = PBXBuildFile; fileRef = 7192ED45F64E63BE95A5A4E6E0B27BBB /* ConfiguredTranscriber.swift */; };
		649EE456AEBC6A856AA264F7F8492E1D /* SystemAudioRecorder.swift in Sources */ = {isa = PBXBuildFile; fileRef = F7A1EAB982EB5557C77268415137AC6B /* SystemAudioRecorder.swift */; };
		790AED41D63AF73F5B8FC0FFEC99A56E /* ModelManager.swift in Sources */ = {isa = PBXBuildFile; fileRef = B6F29EC8409A4D7BE9FD60E70FC47F95 /* ModelManager.swift */; };
		7F2F69712F33AD9AF251C50F611891A0 /* SettingsView.swift in Sources */ = {isa = PBXBuildFile; fileRef = 3604E0E0BFCA726B2C02030AF07F3A27 /* SettingsView.swift */; };
		82787B3E3D83B69F2CC7CF8CC40FFBF7 /* HotkeyBindingStore.swift in Sources */ = {isa = PBXBuildFile; fileRef = 156885494AA6DCEF3B755D5D6A0A17C3 /* HotkeyBindingStore.swift */; };
		94935A2E858E8E4F39819A41C3099C27 /* AppRouter.swift in Sources */ = {isa = PBXBuildFile; fileRef = D22E5D9E0A65B476BD1ED84B410160CC /* AppRouter.swift */; };
		9DE21ED05064A1EC225020BD0B24740C /* StatisticsView.swift in Sources */ = {isa = PBXBuildFile; fileRef = 55755E06252993CE432715DBBA8DE92A /* StatisticsView.swift */; };
		9F04351DB7BE6D45A23BEAB829C20470 /* AppShellView.swift in Sources */ = {isa = PBXBuildFile; fileRef = 2CBD5C279625FF50EBD990A4146A882B /* AppShellView.swift */; };
		A160E23CF1DB505D0DE201C7D990085A /* OnboardingView.swift in Sources */ = {isa = PBXBuildFile; fileRef = 2DA40C7D3C3F72756C2A9C2964EF32AD /* OnboardingView.swift */; };
		A21E4AE383C52B5027896065486372CA /* DictationStateMachineTests.swift in Sources */ = {isa = PBXBuildFile; fileRef = 6F8A4D303526E144FC71487F6F62BE08 /* DictationStateMachineTests.swift */; };
		A2CE6AF6AB067ED04CE8AAC1E5206634 /* Cocoa.framework in Frameworks */ = {isa = PBXBuildFile; fileRef = E60A951C15E41F486201C6FDF4121DBD /* Cocoa.framework */; };
		AA90261CF96D733E0FED298754F3BF52 /* MenuBarView.swift in Sources */ = {isa = PBXBuildFile; fileRef = 75366C96E67D70FECBBF3F1BF9BD5EFB /* MenuBarView.swift */; };
		B096FD8FF5AA0E065AA15F2745FD66A6 /* SystemTextInjectorTests.swift in Sources */ = {isa = PBXBuildFile; fileRef = 3A6897DBD55DECAFD2B3C93F48B3A7E4 /* SystemTextInjectorTests.swift */; };
		B224102D24839D95278D67B7F60CEF20 /* HistoryDictionaryTests.swift in Sources */ = {isa = PBXBuildFile; fileRef = AEE76DA5DD195BB8761E3ABB55185D17 /* HistoryDictionaryTests.swift */; };
		B2ED9D17DBBC355E82D7387E496D735E /* AppShellDestination.swift in Sources */ = {isa = PBXBuildFile; fileRef = ECD36F143DCC1953A6623BAEB3C44065 /* AppShellDestination.swift */; };
		B32D4B9BE1F6C58DD595B3AE4AC6953D /* OnboardingTests.swift in Sources */ = {isa = PBXBuildFile; fileRef = 681BD461F2F011AE0C015A04F2C03813 /* OnboardingTests.swift */; };
		B9B63CA3FFAD784425B13B8D331DAA1C /* AppContainer.swift in Sources */ = {isa = PBXBuildFile; fileRef = 50104EA0E9323943C3C88A1E79626DBA /* AppContainer.swift */; };
		BAB251547D49CDA5EA7BC76CE60485D6 /* DictionaryEntry.swift in Sources */ = {isa = PBXBuildFile; fileRef = 67CD66BC911D308EE312BFEC2C568FC0 /* DictionaryEntry.swift */; };
		C046E9CABEAE9AE5E6B108A1437226AE /* UsageStatsStore.swift in Sources */ = {isa = PBXBuildFile; fileRef = 2BEDD4A21A60D7868185539FD90A3D22 /* UsageStatsStore.swift */; };
		C22D2ACD4685702397444B8C53346F69 /* RecordingPanelView.swift in Sources */ = {isa = PBXBuildFile; fileRef = 1286B7FA8B9A4D4BEDF264928C82E6C9 /* RecordingPanelView.swift */; };
		C2C20B040294317FDB8FF261ED9F29C0 /* Assets.xcassets in Resources */ = {isa = PBXBuildFile; fileRef = A4DE4E84CDC8E6FD2F1F3681C17B4C83 /* Assets.xcassets */; };
		C5C55EC49B5E2AF582B8B948375B8A3E /* OnboardingPresenter.swift in Sources */ = {isa = PBXBuildFile; fileRef = C4BD5719C50B9FBE17C02546972C61DE /* OnboardingPresenter.swift */; };
		CC66E8BDD0C2DB6D7336D962CA6EFE0F /* SystemPermissionManager.swift in Sources */ = {isa = PBXBuildFile; fileRef = DD85A3C86B45BE264FD7BE467771F048 /* SystemPermissionManager.swift */; };
		CC697901A143F56610DB0C1BE962076B /* DictationInterfaces.swift in Sources */ = {isa = PBXBuildFile; fileRef = 72649DA7DD45523062732A7FCD83E66B /* DictationInterfaces.swift */; };
		CF93F791F9ABACCC5616EE9254A8EC11 /* ProviderConfigurationStore.swift in Sources */ = {isa = PBXBuildFile; fileRef = 64FF2808BCEFDB83575EC81EB145A62A /* ProviderConfigurationStore.swift */; };
		D2ED68BA978F48A6F9DB29D91892C6FC /* WhisperContextActor.swift in Sources */ = {isa = PBXBuildFile; fileRef = 8E5A1C92EBF78DFF25B2A96F1510E925 /* WhisperContextActor.swift */; };
		D2F4439D43A7D06E51EEBAF7B619CA50 /* AppShellSemanticsTests.swift in Sources */ = {isa = PBXBuildFile; fileRef = D05A6F3A63EAB221404852CE9DBFA9DC /* AppShellSemanticsTests.swift */; };
		D47ABE21764CE4C1B79F4C68E8B20066 /* RightOptionEventTapTests.swift in Sources */ = {isa = PBXBuildFile; fileRef = 13A54C8F7469A1EAC286E72042832130 /* RightOptionEventTapTests.swift */; };
		D4C2396C75EB59526A7C53480E370F99 /* ProviderState.swift in Sources */ = {isa = PBXBuildFile; fileRef = 6BFAD45ED7150C40CC5159382A2E494F /* ProviderState.swift */; };
		D7522C0D101DE4DFF8565B760A755258 /* RecordingPanelController.swift in Sources */ = {isa = PBXBuildFile; fileRef = 3150C5062FAAB32EA6DE339F417C81D2 /* RecordingPanelController.swift */; };
		D91A7D449988F5D8A33EE94D4B82488F /* Components.swift in Sources */ = {isa = PBXBuildFile; fileRef = CB249108A7BFC04E1ABE2F9C5024BE7A /* Components.swift */; };
		D95F40EBC827FB60BA9168F687029B85 /* Theme.swift in Sources */ = {isa = PBXBuildFile; fileRef = B740C52906F06ED2E98A10026C411DE6 /* Theme.swift */; };
		DAA82DE6D5592303F561418342941FC7 /* TranscriptionSettingsControllerTests.swift in Sources */ = {isa = PBXBuildFile; fileRef = BE85259DB24467823B1E3C0E58C5E060 /* TranscriptionSettingsControllerTests.swift */; };
		DFD37B366FF927DABE62B85E22D5879C /* UsageTotals.swift in Sources */ = {isa = PBXBuildFile; fileRef = 1C6D22B3D62125D05489333213D58EFE /* UsageTotals.swift */; };
		E5499E0B4E7C0817C3A1CFE540262C76 /* DictationInteractor.swift in Sources */ = {isa = PBXBuildFile; fileRef = 6EF6BE36ED7653EE0E6F8500479A5B32 /* DictationInteractor.swift */; };
		EDC8DDA2A899307224E1B3DEF06284EC /* WinterVoiceApp.swift in Sources */ = {isa = PBXBuildFile; fileRef = 08B4EAD8FAE2A835BA928FF252B84783 /* WinterVoiceApp.swift */; };
		F690D3AC8091EC40582E8F4238609F85 /* WindowConfigurator.swift in Sources */ = {isa = PBXBuildFile; fileRef = 118602085BFA1872F11971E0D0D18031 /* WindowConfigurator.swift */; };
		F73532ACA1AFFB96277AE86C4CFF5492 /* HistoryPersistence.swift in Sources */ = {isa = PBXBuildFile; fileRef = 8639BB49A36D1537C1A85F7DF6A9EBBC /* HistoryPersistence.swift */; };
		F941527EA8104BD6BDD5283C36651262 /* RightOptionEventTap.swift in Sources */ = {isa = PBXBuildFile; fileRef = 1B81827F1D1A602B16F8814984A40FC6 /* RightOptionEventTap.swift */; };
		FBC9F71594CD701EFA5E825CCAE1E541 /* HotkeyHealth.swift in Sources */ = {isa = PBXBuildFile; fileRef = 784EB5B61C8F3F5D0B67AAD82B74A925 /* HotkeyHealth.swift */; };
		FF3752F35EBF7A7AF4E73A64D245DBB8 /* TextFieldStyle.swift in Sources */ = {isa = PBXBuildFile; fileRef = 6120A963B6D965EFB7739CE656355BD6 /* TextFieldStyle.swift */; };
/* End PBXBuildFile section */

/* Begin PBXContainerItemProxy section */
		8EF18195B13B3ED80CD513F973B52F1B /* PBXContainerItemProxy */ = {
			isa = PBXContainerItemProxy;
			containerPortal = 667D958920306F5D80AD200BE87BEB74 /* Project object */;
			proxyType = 1;
			remoteGlobalIDString = CDE69FDEE7F96D33E2BED1ECF4AAB822;
			remoteInfo = WinterVoice;
		};
/* End PBXContainerItemProxy section */

/* Begin PBXFileReference section */
		01CB266E9603AAD1DE054BA02838B297 /* ButtonStyles.swift */ = {isa = PBXFileReference; includeInIndex = 1; lastKnownFileType = sourcecode.swift; name = ButtonStyles.swift; path = DesignSystem/ButtonStyles.swift; sourceTree = "<group>"; };
		03536A70E969C72E383DCB6EC9D133CD /* ModelManagerTests.swift */ = {isa = PBXFileReference; includeInIndex = 1; lastKnownFileType = sourcecode.swift; path = ModelManagerTests.swift; sourceTree = "<group>"; };
		08B4EAD8FAE2A835BA928FF252B84783 /* WinterVoiceApp.swift */ = {isa = PBXFileReference; includeInIndex = 1; lastKnownFileType = sourcecode.swift; name = WinterVoiceApp.swift; path = App/WinterVoiceApp.swift; sourceTree = "<group>"; };
		118602085BFA1872F11971E0D0D18031 /* WindowConfigurator.swift */ = {isa = PBXFileReference; includeInIndex = 1; lastKnownFileType = sourcecode.swift; name = WindowConfigurator.swift; path = DesignSystem/WindowConfigurator.swift; sourceTree = "<group>"; };
		1286B7FA8B9A4D4BEDF264928C82E6C9 /* RecordingPanelView.swift */ = {isa = PBXFileReference; includeInIndex = 1; lastKnownFileType = sourcecode.swift; name = RecordingPanelView.swift; path = Features/RecordingPanel/RecordingPanelView.swift; sourceTree = "<group>"; };
		13A54C8F7469A1EAC286E72042832130 /* RightOptionEventTapTests.swift */ = {isa = PBXFileReference; includeInIndex = 1; lastKnownFileType = sourcecode.swift; path = RightOptionEventTapTests.swift; sourceTree = "<group>"; };
		156885494AA6DCEF3B755D5D6A0A17C3 /* HotkeyBindingStore.swift */ = {isa = PBXFileReference; includeInIndex = 1; lastKnownFileType = sourcecode.swift; name = HotkeyBindingStore.swift; path = Platform/Hotkeys/HotkeyBindingStore.swift; sourceTree = "<group>"; };
		19993A404136DC35FD23F11477F6E3C9 /* HotkeyHealthRelay.swift */ = {isa = PBXFileReference; includeInIndex = 1; lastKnownFileType = sourcecode.swift; name = HotkeyHealthRelay.swift; path = Features/Dictation/HotkeyHealthRelay.swift; sourceTree = "<group>"; };
		1B81827F1D1A602B16F8814984A40FC6 /* RightOptionEventTap.swift */ = {isa = PBXFileReference; includeInIndex = 1; lastKnownFileType = sourcecode.swift; name = RightOptionEventTap.swift; path = Platform/Hotkeys/RightOptionEventTap.swift; sourceTree = "<group>"; };
		1C6D22B3D62125D05489333213D58EFE /* UsageTotals.swift */ = {isa = PBXFileReference; includeInIndex = 1; lastKnownFileType = sourcecode.swift; name = UsageTotals.swift; path = Entities/UsageTotals.swift; sourceTree = "<group>"; };
		2825FCFDBB51F9489CD332EEB57FB5CC /* HistoryView.swift */ = {isa = PBXFileReference; includeInIndex = 1; lastKnownFileType = sourcecode.swift; name = HistoryView.swift; path = Features/History/HistoryView.swift; sourceTree = "<group>"; };
		2BEDD4A21A60D7868185539FD90A3D22 /* UsageStatsStore.swift */ = {isa = PBXFileReference; includeInIndex = 1; lastKnownFileType = sourcecode.swift; name = UsageStatsStore.swift; path = Platform/Persistence/UsageStatsStore.swift; sourceTree = "<group>"; };
		2CBD5C279625FF50EBD990A4146A882B /* AppShellView.swift */ = {isa = PBXFileReference; includeInIndex = 1; lastKnownFileType = sourcecode.swift; name = AppShellView.swift; path = Features/AppShell/AppShellView.swift; sourceTree = "<group>"; };
		2DA40C7D3C3F72756C2A9C2964EF32AD /* OnboardingView.swift */ = {isa = PBXFileReference; includeInIndex = 1; lastKnownFileType = sourcecode.swift; name = OnboardingView.swift; path = Features/Onboarding/OnboardingView.swift; sourceTree = "<group>"; };
		3150C5062FAAB32EA6DE339F417C81D2 /* RecordingPanelController.swift */ = {isa = PBXFileReference; includeInIndex = 1; lastKnownFileType = sourcecode.swift; name = RecordingPanelController.swift; path = Features/RecordingPanel/RecordingPanelController.swift; sourceTree = "<group>"; };
		3198FB6A49C5D383C4CA19BAF77D796F /* PermissionState.swift */ = {isa = PBXFileReference; includeInIndex = 1; lastKnownFileType = sourcecode.swift; name = PermissionState.swift; path = Entities/PermissionState.swift; sourceTree = "<group>"; };
		3604E0E0BFCA726B2C02030AF07F3A27 /* SettingsView.swift */ = {isa = PBXFileReference; includeInIndex = 1; lastKnownFileType = sourcecode.swift; name = SettingsView.swift; path = Features/Settings/SettingsView.swift; sourceTree = "<group>"; };
		3A6897DBD55DECAFD2B3C93F48B3A7E4 /* SystemTextInjectorTests.swift */ = {isa = PBXFileReference; includeInIndex = 1; lastKnownFileType = sourcecode.swift; path = SystemTextInjectorTests.swift; sourceTree = "<group>"; };
		3AE66AA18FB0BD88DF457423030F1BA3 /* WinterVoiceTests.xctest */ = {isa = PBXFileReference; explicitFileType = wrapper.cfbundle; includeInIndex = 0; path = WinterVoiceTests.xctest; sourceTree = BUILT_PRODUCTS_DIR; };
		50104EA0E9323943C3C88A1E79626DBA /* AppContainer.swift */ = {isa = PBXFileReference; includeInIndex = 1; lastKnownFileType = sourcecode.swift; name = AppContainer.swift; path = App/AppContainer.swift; sourceTree = "<group>"; };
		508620BDB960BFC7793C5BB28B4F7B85 /* OnboardingState.swift */ = {isa = PBXFileReference; includeInIndex = 1; lastKnownFileType = sourcecode.swift; name = OnboardingState.swift; path = Entities/OnboardingState.swift; sourceTree = "<group>"; };
		5113396767522ECEAB81D71D36921A88 /* PermissionsView.swift */ = {isa = PBXFileReference; includeInIndex = 1; lastKnownFileType = sourcecode.swift; name = PermissionsView.swift; path = Features/Settings/PermissionsView.swift; sourceTree = "<group>"; };
		53C0FAF9FECF69464790A0FF2F032700 /* AppLifecycleController.swift */ = {isa = PBXFileReference; includeInIndex = 1; lastKnownFileType = sourcecode.swift; name = AppLifecycleController.swift; path = App/AppLifecycleController.swift; sourceTree = "<group>"; };
		55755E06252993CE432715DBBA8DE92A /* StatisticsView.swift */ = {isa = PBXFileReference; includeInIndex = 1; lastKnownFileType = sourcecode.swift; name = StatisticsView.swift; path = Features/Statistics/StatisticsView.swift; sourceTree = "<group>"; };
		5A36D6AB27A20A1931B30CF1FC7D8DD4 /* WinterVoice.app */ = {isa = PBXFileReference; explicitFileType = wrapper.application; includeInIndex = 0; path = WinterVoice.app; sourceTree = BUILT_PRODUCTS_DIR; };
		6120A963B6D965EFB7739CE656355BD6 /* TextFieldStyle.swift */ = {isa = PBXFileReference; includeInIndex = 1; lastKnownFileType = sourcecode.swift; name = TextFieldStyle.swift; path = DesignSystem/TextFieldStyle.swift; sourceTree = "<group>"; };
		624A2753E6AA8111297745AEA47DEAE2 /* OperationalViews.swift */ = {isa = PBXFileReference; includeInIndex = 1; lastKnownFileType = sourcecode.swift; name = OperationalViews.swift; path = Features/AppShell/OperationalViews.swift; sourceTree = "<group>"; };
		64FF2808BCEFDB83575EC81EB145A62A /* ProviderConfigurationStore.swift */ = {isa = PBXFileReference; includeInIndex = 1; lastKnownFileType = sourcecode.swift; name = ProviderConfigurationStore.swift; path = Platform/Providers/ProviderConfigurationStore.swift; sourceTree = "<group>"; };
		67CD66BC911D308EE312BFEC2C568FC0 /* DictionaryEntry.swift */ = {isa = PBXFileReference; includeInIndex = 1; lastKnownFileType = sourcecode.swift; name = DictionaryEntry.swift; path = Entities/DictionaryEntry.swift; sourceTree = "<group>"; };
		681BD461F2F011AE0C015A04F2C03813 /* OnboardingTests.swift */ = {isa = PBXFileReference; includeInIndex = 1; lastKnownFileType = sourcecode.swift; path = OnboardingTests.swift; sourceTree = "<group>"; };
		6BFAD45ED7150C40CC5159382A2E494F /* ProviderState.swift */ = {isa = PBXFileReference; includeInIndex = 1; lastKnownFileType = sourcecode.swift; name = ProviderState.swift; path = Entities/ProviderState.swift; sourceTree = "<group>"; };
		6EF6BE36ED7653EE0E6F8500479A5B32 /* DictationInteractor.swift */ = {isa = PBXFileReference; includeInIndex = 1; lastKnownFileType = sourcecode.swift; name = DictationInteractor.swift; path = Features/Dictation/DictationInteractor.swift; sourceTree = "<group>"; };
		6F8A4D303526E144FC71487F6F62BE08 /* DictationStateMachineTests.swift */ = {isa = PBXFileReference; includeInIndex = 1; lastKnownFileType = sourcecode.swift; path = DictationStateMachineTests.swift; sourceTree = "<group>"; };
		7192ED45F64E63BE95A5A4E6E0B27BBB /* ConfiguredTranscriber.swift */ = {isa = PBXFileReference; includeInIndex = 1; lastKnownFileType = sourcecode.swift; name = ConfiguredTranscriber.swift; path = Platform/Providers/ConfiguredTranscriber.swift; sourceTree = "<group>"; };
		72649DA7DD45523062732A7FCD83E66B /* DictationInterfaces.swift */ = {isa = PBXFileReference; includeInIndex = 1; lastKnownFileType = sourcecode.swift; name = DictationInterfaces.swift; path = Features/Dictation/DictationInterfaces.swift; sourceTree = "<group>"; };
		745892A08BB528E78A1ED32AE90ACEF9 /* Info.plist */ = {isa = PBXFileReference; includeInIndex = 1; lastKnownFileType = text.plist.xml; path = Info.plist; sourceTree = "<group>"; };
		75366C96E67D70FECBBF3F1BF9BD5EFB /* MenuBarView.swift */ = {isa = PBXFileReference; includeInIndex = 1; lastKnownFileType = sourcecode.swift; name = MenuBarView.swift; path = Features/MenuBar/MenuBarView.swift; sourceTree = "<group>"; };
		784EB5B61C8F3F5D0B67AAD82B74A925 /* HotkeyHealth.swift */ = {isa = PBXFileReference; includeInIndex = 1; lastKnownFileType = sourcecode.swift; name = HotkeyHealth.swift; path = Entities/HotkeyHealth.swift; sourceTree = "<group>"; };
		7BEA68D7F715C4A75C348CEA53E65427 /* Sidebar.swift */ = {isa = PBXFileReference; includeInIndex = 1; lastKnownFileType = sourcecode.swift; name = Sidebar.swift; path = Features/AppShell/Sidebar.swift; sourceTree = "<group>"; };
		7F5704484258BE40A857639152985556 /* DictationStateRelay.swift */ = {isa = PBXFileReference; includeInIndex = 1; lastKnownFileType = sourcecode.swift; name = DictationStateRelay.swift; path = Features/Dictation/DictationStateRelay.swift; sourceTree = "<group>"; };
		8639BB49A36D1537C1A85F7DF6A9EBBC /* HistoryPersistence.swift */ = {isa = PBXFileReference; includeInIndex = 1; lastKnownFileType = sourcecode.swift; name = HistoryPersistence.swift; path = Platform/Persistence/HistoryPersistence.swift; sourceTree = "<group>"; };
		8A5F613657C694232612DED4021B7823 /* AppShellPresenter.swift */ = {isa = PBXFileReference; includeInIndex = 1; lastKnownFileType = sourcecode.swift; name = AppShellPresenter.swift; path = Features/AppShell/AppShellPresenter.swift; sourceTree = "<group>"; };
		8E5A1C92EBF78DFF25B2A96F1510E925 /* WhisperContextActor.swift */ = {isa = PBXFileReference; includeInIndex = 1; lastKnownFileType = sourcecode.swift; name = WhisperContextActor.swift; path = Platform/Models/WhisperContextActor.swift; sourceTree = "<group>"; };
		9DE9060EB5AA085AEA1182A4B0630C2D /* HistoryEntry.swift */ = {isa = PBXFileReference; includeInIndex = 1; lastKnownFileType = sourcecode.swift; name = HistoryEntry.swift; path = Entities/HistoryEntry.swift; sourceTree = "<group>"; };
		A4DE4E84CDC8E6FD2F1F3681C17B4C83 /* Assets.xcassets */ = {isa = PBXFileReference; includeInIndex = 1; lastKnownFileType = folder.assetcatalog; path = Assets.xcassets; sourceTree = "<group>"; };
		A7AD59296261B6DBD1D2A59E02B9F6D3 /* SystemTextInjector.swift */ = {isa = PBXFileReference; includeInIndex = 1; lastKnownFileType = sourcecode.swift; name = SystemTextInjector.swift; path = Platform/TextInjection/SystemTextInjector.swift; sourceTree = "<group>"; };
		AEE76DA5DD195BB8761E3ABB55185D17 /* HistoryDictionaryTests.swift */ = {isa = PBXFileReference; includeInIndex = 1; lastKnownFileType = sourcecode.swift; path = HistoryDictionaryTests.swift; sourceTree = "<group>"; };
		AF7A1F4A0FB78AA44541BD5D60B672A2 /* DictationPresenter.swift */ = {isa = PBXFileReference; includeInIndex = 1; lastKnownFileType = sourcecode.swift; name = DictationPresenter.swift; path = Features/Dictation/DictationPresenter.swift; sourceTree = "<group>"; };
		B6F29EC8409A4D7BE9FD60E70FC47F95 /* ModelManager.swift */ = {isa = PBXFileReference; includeInIndex = 1; lastKnownFileType = sourcecode.swift; name = ModelManager.swift; path = Platform/Models/ModelManager.swift; sourceTree = "<group>"; };
		B740C52906F06ED2E98A10026C411DE6 /* Theme.swift */ = {isa = PBXFileReference; includeInIndex = 1; lastKnownFileType = sourcecode.swift; name = Theme.swift; path = DesignSystem/Theme.swift; sourceTree = "<group>"; };
		B79762EA0BB2514D6426FD3A7F8A9913 /* RemoteTranscriptionProvider.swift */ = {isa = PBXFileReference; includeInIndex = 1; lastKnownFileType = sourcecode.swift; name = RemoteTranscriptionProvider.swift; path = Platform/Providers/RemoteTranscriptionProvider.swift; sourceTree = "<group>"; };
		BE85259DB24467823B1E3C0E58C5E060 /* TranscriptionSettingsControllerTests.swift */ = {isa = PBXFileReference; includeInIndex = 1; lastKnownFileType = sourcecode.swift; path = TranscriptionSettingsControllerTests.swift; sourceTree = "<group>"; };
		C4BD5719C50B9FBE17C02546972C61DE /* OnboardingPresenter.swift */ = {isa = PBXFileReference; includeInIndex = 1; lastKnownFileType = sourcecode.swift; name = OnboardingPresenter.swift; path = Features/Onboarding/OnboardingPresenter.swift; sourceTree = "<group>"; };
		CB249108A7BFC04E1ABE2F9C5024BE7A /* Components.swift */ = {isa = PBXFileReference; includeInIndex = 1; lastKnownFileType = sourcecode.swift; name = Components.swift; path = DesignSystem/Components.swift; sourceTree = "<group>"; };
		CD0DF828478AA2731775673D861EA08A /* DictationState.swift */ = {isa = PBXFileReference; includeInIndex = 1; lastKnownFileType = sourcecode.swift; name = DictationState.swift; path = Entities/DictationState.swift; sourceTree = "<group>"; };
		D05A6F3A63EAB221404852CE9DBFA9DC /* AppShellSemanticsTests.swift */ = {isa = PBXFileReference; includeInIndex = 1; lastKnownFileType = sourcecode.swift; path = AppShellSemanticsTests.swift; sourceTree = "<group>"; };
		D22E5D9E0A65B476BD1ED84B410160CC /* AppRouter.swift */ = {isa = PBXFileReference; includeInIndex = 1; lastKnownFileType = sourcecode.swift; name = AppRouter.swift; path = App/AppRouter.swift; sourceTree = "<group>"; };
		DD85A3C86B45BE264FD7BE467771F048 /* SystemPermissionManager.swift */ = {isa = PBXFileReference; includeInIndex = 1; lastKnownFileType = sourcecode.swift; name = SystemPermissionManager.swift; path = Platform/Permissions/SystemPermissionManager.swift; sourceTree = "<group>"; };
		E60A951C15E41F486201C6FDF4121DBD /* Cocoa.framework */ = {isa = PBXFileReference; lastKnownFileType = wrapper.framework; name = Cocoa.framework; path = Platforms/MacOSX.platform/Developer/SDKs/MacOSX26.0.sdk/System/Library/Frameworks/Cocoa.framework; sourceTree = DEVELOPER_DIR; };
		E77FAD2CACF36DDAFA5D0D674AB583DF /* TranscriptionSettingsController.swift */ = {isa = PBXFileReference; includeInIndex = 1; lastKnownFileType = sourcecode.swift; name = TranscriptionSettingsController.swift; path = Features/AppShell/TranscriptionSettingsController.swift; sourceTree = "<group>"; };
		ECD36F143DCC1953A6623BAEB3C44065 /* AppShellDestination.swift */ = {isa = PBXFileReference; includeInIndex = 1; lastKnownFileType = sourcecode.swift; name = AppShellDestination.swift; path = Entities/AppShellDestination.swift; sourceTree = "<group>"; };
		EDE70E5734D7B934C8CADF6D3B08F039 /* ProviderTests.swift */ = {isa = PBXFileReference; includeInIndex = 1; lastKnownFileType = sourcecode.swift; path = ProviderTests.swift; sourceTree = "<group>"; };
		F16674E50DE5239443EC8D270FC24DEF /* DictionaryView.swift */ = {isa = PBXFileReference; includeInIndex = 1; lastKnownFileType = sourcecode.swift; name = DictionaryView.swift; path = Features/Dictionary/DictionaryView.swift; sourceTree = "<group>"; };
		F21240B45C34F44684692D2F0360C371 /* DictionaryPersistence.swift */ = {isa = PBXFileReference; includeInIndex = 1; lastKnownFileType = sourcecode.swift; name = DictionaryPersistence.swift; path = Platform/Persistence/DictionaryPersistence.swift; sourceTree = "<group>"; };
		F2F07C61122EC0143785E020EB9CDD2F /* LaunchGateView.swift */ = {isa = PBXFileReference; includeInIndex = 1; lastKnownFileType = sourcecode.swift; name = LaunchGateView.swift; path = Features/Onboarding/LaunchGateView.swift; sourceTree = "<group>"; };
		F74A40E05001340530DE5FA197A5C8BC /* OnboardingInteractor.swift */ = {isa = PBXFileReference; includeInIndex = 1; lastKnownFileType = sourcecode.swift; name = OnboardingInteractor.swift; path = Features/Onboarding/OnboardingInteractor.swift; sourceTree = "<group>"; };
		F7A1EAB982EB5557C77268415137AC6B /* SystemAudioRecorder.swift */ = {isa = PBXFileReference; includeInIndex = 1; lastKnownFileType = sourcecode.swift; name = SystemAudioRecorder.swift; path = Platform/Audio/SystemAudioRecorder.swift; sourceTree = "<group>"; };
/* End PBXFileReference section */

/* Begin PBXFrameworksBuildPhase section */
		27BCF5BEF304A8179F883BEF75524D9A /* Frameworks */ = {
			isa = PBXFrameworksBuildPhase;
			buildActionMask = 2147483647;
			files = (
				A2CE6AF6AB067ED04CE8AAC1E5206634 /* Cocoa.framework in Frameworks */,
				4BF841F4126A1835040CCA35F93A1B03 /* WhisperBinary in Frameworks */,
			);
			runOnlyForDeploymentPostprocessing = 0;
		};
		85C3650B82FCE2CF25BF5CC809801362 /* Frameworks */ = {
			isa = PBXFrameworksBuildPhase;
			buildActionMask = 2147483647;
			files = (
				554D01E4F8D2FFB6D7C4335317FFE762 /* Cocoa.framework in Frameworks */,
			);
			runOnlyForDeploymentPostprocessing = 0;
		};
/* End PBXFrameworksBuildPhase section */

/* Begin PBXGroup section */
		1AFEF27AFB947024BF5BB56CC5C4BE4A = {
			isa = PBXGroup;
			children = (
				675D63EF000E969F068B3B015F8CE735 /* Frameworks */,
				A6FE7F4A245B78738F4B832360DEF86F /* Products */,
				A3B8A4F2C1584B92043C44519526335C /* WinterVoice */,
				A7B01728825BD1137702F2EF8E72C4CE /* WinterVoiceTests */,
			);
			sourceTree = "<group>";
		};
		2E56C072D8213B50595A77E8F530D335 /* Resources */ = {
			isa = PBXGroup;
			children = (
				A4DE4E84CDC8E6FD2F1F3681C17B4C83 /* Assets.xcassets */,
				745892A08BB528E78A1ED32AE90ACEF9 /* Info.plist */,
			);
			name = Resources;
			path = Resources;
			sourceTree = "<group>";
		};
		675D63EF000E969F068B3B015F8CE735 /* Frameworks */ = {
			isa = PBXGroup;
			children = (
				B2BEFF2725A4DC71A48EE86E758B46E1 /* OS X */,
			);
			name = Frameworks;
			sourceTree = "<group>";
		};
		A3B8A4F2C1584B92043C44519526335C /* WinterVoice */ = {
			isa = PBXGroup;
			children = (
				50104EA0E9323943C3C88A1E79626DBA /* AppContainer.swift */,
				53C0FAF9FECF69464790A0FF2F032700 /* AppLifecycleController.swift */,
				D22E5D9E0A65B476BD1ED84B410160CC /* AppRouter.swift */,
				ECD36F143DCC1953A6623BAEB3C44065 /* AppShellDestination.swift */,
				8A5F613657C694232612DED4021B7823 /* AppShellPresenter.swift */,
				2CBD5C279625FF50EBD990A4146A882B /* AppShellView.swift */,
				01CB266E9603AAD1DE054BA02838B297 /* ButtonStyles.swift */,
				CB249108A7BFC04E1ABE2F9C5024BE7A /* Components.swift */,
				7192ED45F64E63BE95A5A4E6E0B27BBB /* ConfiguredTranscriber.swift */,
				6EF6BE36ED7653EE0E6F8500479A5B32 /* DictationInteractor.swift */,
				72649DA7DD45523062732A7FCD83E66B /* DictationInterfaces.swift */,
				AF7A1F4A0FB78AA44541BD5D60B672A2 /* DictationPresenter.swift */,
				CD0DF828478AA2731775673D861EA08A /* DictationState.swift */,
				7F5704484258BE40A857639152985556 /* DictationStateRelay.swift */,
				67CD66BC911D308EE312BFEC2C568FC0 /* DictionaryEntry.swift */,
				F21240B45C34F44684692D2F0360C371 /* DictionaryPersistence.swift */,
				F16674E50DE5239443EC8D270FC24DEF /* DictionaryView.swift */,
				9DE9060EB5AA085AEA1182A4B0630C2D /* HistoryEntry.swift */,
				8639BB49A36D1537C1A85F7DF6A9EBBC /* HistoryPersistence.swift */,
				2825FCFDBB51F9489CD332EEB57FB5CC /* HistoryView.swift */,
				156885494AA6DCEF3B755D5D6A0A17C3 /* HotkeyBindingStore.swift */,
				784EB5B61C8F3F5D0B67AAD82B74A925 /* HotkeyHealth.swift */,
				19993A404136DC35FD23F11477F6E3C9 /* HotkeyHealthRelay.swift */,
				F2F07C61122EC0143785E020EB9CDD2F /* LaunchGateView.swift */,
				75366C96E67D70FECBBF3F1BF9BD5EFB /* MenuBarView.swift */,
				B6F29EC8409A4D7BE9FD60E70FC47F95 /* ModelManager.swift */,
				F74A40E05001340530DE5FA197A5C8BC /* OnboardingInteractor.swift */,
				C4BD5719C50B9FBE17C02546972C61DE /* OnboardingPresenter.swift */,
				508620BDB960BFC7793C5BB28B4F7B85 /* OnboardingState.swift */,
				2DA40C7D3C3F72756C2A9C2964EF32AD /* OnboardingView.swift */,
				624A2753E6AA8111297745AEA47DEAE2 /* OperationalViews.swift */,
				3198FB6A49C5D383C4CA19BAF77D796F /* PermissionState.swift */,
				5113396767522ECEAB81D71D36921A88 /* PermissionsView.swift */,
				64FF2808BCEFDB83575EC81EB145A62A /* ProviderConfigurationStore.swift */,
				6BFAD45ED7150C40CC5159382A2E494F /* ProviderState.swift */,
				3150C5062FAAB32EA6DE339F417C81D2 /* RecordingPanelController.swift */,
				1286B7FA8B9A4D4BEDF264928C82E6C9 /* RecordingPanelView.swift */,
				B79762EA0BB2514D6426FD3A7F8A9913 /* RemoteTranscriptionProvider.swift */,
				2E56C072D8213B50595A77E8F530D335 /* Resources */,
				1B81827F1D1A602B16F8814984A40FC6 /* RightOptionEventTap.swift */,
				3604E0E0BFCA726B2C02030AF07F3A27 /* SettingsView.swift */,
				7BEA68D7F715C4A75C348CEA53E65427 /* Sidebar.swift */,
				55755E06252993CE432715DBBA8DE92A /* StatisticsView.swift */,
				F7A1EAB982EB5557C77268415137AC6B /* SystemAudioRecorder.swift */,
				DD85A3C86B45BE264FD7BE467771F048 /* SystemPermissionManager.swift */,
				A7AD59296261B6DBD1D2A59E02B9F6D3 /* SystemTextInjector.swift */,
				6120A963B6D965EFB7739CE656355BD6 /* TextFieldStyle.swift */,
				B740C52906F06ED2E98A10026C411DE6 /* Theme.swift */,
				E77FAD2CACF36DDAFA5D0D674AB583DF /* TranscriptionSettingsController.swift */,
				2BEDD4A21A60D7868185539FD90A3D22 /* UsageStatsStore.swift */,
				1C6D22B3D62125D05489333213D58EFE /* UsageTotals.swift */,
				8E5A1C92EBF78DFF25B2A96F1510E925 /* WhisperContextActor.swift */,
				118602085BFA1872F11971E0D0D18031 /* WindowConfigurator.swift */,
				08B4EAD8FAE2A835BA928FF252B84783 /* WinterVoiceApp.swift */,
			);
			name = WinterVoice;
			path = WinterVoice;
			sourceTree = "<group>";
		};
		A6FE7F4A245B78738F4B832360DEF86F /* Products */ = {
			isa = PBXGroup;
			children = (
				5A36D6AB27A20A1931B30CF1FC7D8DD4 /* WinterVoice.app */,
				3AE66AA18FB0BD88DF457423030F1BA3 /* WinterVoiceTests.xctest */,
			);
			name = Products;
			sourceTree = "<group>";
		};
		A7B01728825BD1137702F2EF8E72C4CE /* WinterVoiceTests */ = {
			isa = PBXGroup;
			children = (
				D05A6F3A63EAB221404852CE9DBFA9DC /* AppShellSemanticsTests.swift */,
				6F8A4D303526E144FC71487F6F62BE08 /* DictationStateMachineTests.swift */,
				AEE76DA5DD195BB8761E3ABB55185D17 /* HistoryDictionaryTests.swift */,
				03536A70E969C72E383DCB6EC9D133CD /* ModelManagerTests.swift */,
				681BD461F2F011AE0C015A04F2C03813 /* OnboardingTests.swift */,
				EDE70E5734D7B934C8CADF6D3B08F039 /* ProviderTests.swift */,
				13A54C8F7469A1EAC286E72042832130 /* RightOptionEventTapTests.swift */,
				3A6897DBD55DECAFD2B3C93F48B3A7E4 /* SystemTextInjectorTests.swift */,
				BE85259DB24467823B1E3C0E58C5E060 /* TranscriptionSettingsControllerTests.swift */,
			);
			name = WinterVoiceTests;
			path = WinterVoiceTests;
			sourceTree = "<group>";
		};
		B2BEFF2725A4DC71A48EE86E758B46E1 /* OS X */ = {
			isa = PBXGroup;
			children = (
				E60A951C15E41F486201C6FDF4121DBD /* Cocoa.framework */,
			);
			name = "OS X";
			sourceTree = "<group>";
		};
/* End PBXGroup section */

/* Begin PBXNativeTarget section */
		80F20D1C69EBEA0DA74EAA315B166527 /* WinterVoiceTests */ = {
			isa = PBXNativeTarget;
			buildConfigurationList = 82F0DA931BDFB93F21B3E04ACD476618 /* Build configuration list for PBXNativeTarget "WinterVoiceTests" */;
			buildPhases = (
				F81ABB32382DC007D15F5FF6140E695C /* Sources */,
				85C3650B82FCE2CF25BF5CC809801362 /* Frameworks */,
				C49E7F07E660F6970318F15F8BEE8D6E /* Resources */,
			);
			buildRules = (
			);
			dependencies = (
				0EDD89599FAABB94783ADD61F02EF750 /* PBXTargetDependency */,
			);
			name = WinterVoiceTests;
			productName = WinterVoiceTests;
			productReference = 3AE66AA18FB0BD88DF457423030F1BA3 /* WinterVoiceTests.xctest */;
			productType = "com.apple.product-type.bundle.unit-test";
		};
		CDE69FDEE7F96D33E2BED1ECF4AAB822 /* WinterVoice */ = {
			isa = PBXNativeTarget;
			buildConfigurationList = 5EC5F0679496F5C47287888BDFBAFAAD /* Build configuration list for PBXNativeTarget "WinterVoice" */;
			buildPhases = (
				88AE844C275CBBD03326FC822858F836 /* Sources */,
				27BCF5BEF304A8179F883BEF75524D9A /* Frameworks */,
				0A1EC428124F9A48EC02CEB90101D7D7 /* Resources */,
			);
			buildRules = (
			);
			dependencies = (
			);
			name = WinterVoice;
			packageProductDependencies = (
				D6B10D5782F71CEEED3E07116D4E04B2 /* WhisperBinary */,
			);
			productName = WinterVoice;
			productReference = 5A36D6AB27A20A1931B30CF1FC7D8DD4 /* WinterVoice.app */;
			productType = "com.apple.product-type.application";
		};
/* End PBXNativeTarget section */

/* Begin PBXProject section */
		667D958920306F5D80AD200BE87BEB74 /* Project object */ = {
			isa = PBXProject;
			attributes = {
				LastSwiftUpdateCheck = 2650;
				LastUpgradeCheck = 2650;
			};
			buildConfigurationList = 0776F94EA1D7C09CB477DCA76DBC256D /* Build configuration list for PBXProject "WinterVoice" */;
			compatibilityVersion = "Xcode 3.2";
			developmentRegion = en;
			hasScannedForEncodings = 0;
			knownRegions = (
				en,
				Base,
			);
			mainGroup = 1AFEF27AFB947024BF5BB56CC5C4BE4A;
			minimizedProjectReferenceProxies = 0;
			packageReferences = (
				F8F265A59BDBABB98DD727B3C9D1C626 /* XCLocalSwiftPackageReference "WhisperBinary" */,
			);
			preferredProjectObjectVersion = 100;
			productRefGroup = A6FE7F4A245B78738F4B832360DEF86F /* Products */;
			projectDirPath = "";
			projectRoot = "";
			targets = (
				CDE69FDEE7F96D33E2BED1ECF4AAB822 /* WinterVoice */,
				80F20D1C69EBEA0DA74EAA315B166527 /* WinterVoiceTests */,
			);
		};
/* End PBXProject section */

/* Begin PBXResourcesBuildPhase section */
		0A1EC428124F9A48EC02CEB90101D7D7 /* Resources */ = {
			isa = PBXResourcesBuildPhase;
			buildActionMask = 2147483647;
			files = (
				C2C20B040294317FDB8FF261ED9F29C0 /* Assets.xcassets in Resources */,
			);
			runOnlyForDeploymentPostprocessing = 0;
		};
		C49E7F07E660F6970318F15F8BEE8D6E /* Resources */ = {
			isa = PBXResourcesBuildPhase;
			buildActionMask = 2147483647;
			files = (
			);
			runOnlyForDeploymentPostprocessing = 0;
		};
/* End PBXResourcesBuildPhase section */

/* Begin PBXSourcesBuildPhase section */
		88AE844C275CBBD03326FC822858F836 /* Sources */ = {
			isa = PBXSourcesBuildPhase;
			buildActionMask = 2147483647;
			files = (
				B9B63CA3FFAD784425B13B8D331DAA1C /* AppContainer.swift in Sources */,
				07938D2F42906D00F75EAEDABBDE3904 /* AppLifecycleController.swift in Sources */,
				94935A2E858E8E4F39819A41C3099C27 /* AppRouter.swift in Sources */,
				B2ED9D17DBBC355E82D7387E496D735E /* AppShellDestination.swift in Sources */,
				4894631A87944140D39B244CD7881E62 /* AppShellPresenter.swift in Sources */,
				9F04351DB7BE6D45A23BEAB829C20470 /* AppShellView.swift in Sources */,
				0C89C8C777A90B618AEF343104030A5F /* ButtonStyles.swift in Sources */,
				D91A7D449988F5D8A33EE94D4B82488F /* Components.swift in Sources */,
				61B9D86E241B9957ACD7BD960CB0AD0B /* ConfiguredTranscriber.swift in Sources */,
				E5499E0B4E7C0817C3A1CFE540262C76 /* DictationInteractor.swift in Sources */,
				CC697901A143F56610DB0C1BE962076B /* DictationInterfaces.swift in Sources */,
				4D8F77E4E6A13BCC40F46A82665881C8 /* DictationPresenter.swift in Sources */,
				11F4638C355A45E407E056A892921E59 /* DictationState.swift in Sources */,
				3B03AB30FF73BA9D19EAF71097862A51 /* DictationStateRelay.swift in Sources */,
				BAB251547D49CDA5EA7BC76CE60485D6 /* DictionaryEntry.swift in Sources */,
				008E3CAFA12E8D82033321DAA8F78E92 /* DictionaryPersistence.swift in Sources */,
				6136FEE65F2778993A0D15CE18FA0C46 /* DictionaryView.swift in Sources */,
				5CBDEE5D87FCA401AAF633BE04CBDF28 /* HistoryEntry.swift in Sources */,
				F73532ACA1AFFB96277AE86C4CFF5492 /* HistoryPersistence.swift in Sources */,
				087181E587C19204E1559618CA3005D0 /* HistoryView.swift in Sources */,
				82787B3E3D83B69F2CC7CF8CC40FFBF7 /* HotkeyBindingStore.swift in Sources */,
				FBC9F71594CD701EFA5E825CCAE1E541 /* HotkeyHealth.swift in Sources */,
				1D04AAA06E63AFECA97644229BAFF0ED /* HotkeyHealthRelay.swift in Sources */,
				0BCC0E91715CD52E2EED95A4B7F9F44D /* LaunchGateView.swift in Sources */,
				AA90261CF96D733E0FED298754F3BF52 /* MenuBarView.swift in Sources */,
				790AED41D63AF73F5B8FC0FFEC99A56E /* ModelManager.swift in Sources */,
				420EE8576049144655AF5FDED8AAF4F9 /* OnboardingInteractor.swift in Sources */,
				C5C55EC49B5E2AF582B8B948375B8A3E /* OnboardingPresenter.swift in Sources */,
				5C46A5604097CE2C511D210B0BCDADDA /* OnboardingState.swift in Sources */,
				A160E23CF1DB505D0DE201C7D990085A /* OnboardingView.swift in Sources */,
				1B93C2E8095DE08F71C24CDE7E532451 /* OperationalViews.swift in Sources */,
				5C3177FC87C7D2F6A3D343D8745E0141 /* PermissionState.swift in Sources */,
				300368AC83FAFC03F8E1129FCF5EB350 /* PermissionsView.swift in Sources */,
				CF93F791F9ABACCC5616EE9254A8EC11 /* ProviderConfigurationStore.swift in Sources */,
				D4C2396C75EB59526A7C53480E370F99 /* ProviderState.swift in Sources */,
				D7522C0D101DE4DFF8565B760A755258 /* RecordingPanelController.swift in Sources */,
				C22D2ACD4685702397444B8C53346F69 /* RecordingPanelView.swift in Sources */,
				554BF8CE4573D1F40BA1BAFA351A7C2A /* RemoteTranscriptionProvider.swift in Sources */,
				F941527EA8104BD6BDD5283C36651262 /* RightOptionEventTap.swift in Sources */,
				7F2F69712F33AD9AF251C50F611891A0 /* SettingsView.swift in Sources */,
				36F66EB0865519C3AF76045B0D9E3966 /* Sidebar.swift in Sources */,
				9DE21ED05064A1EC225020BD0B24740C /* StatisticsView.swift in Sources */,
				649EE456AEBC6A856AA264F7F8492E1D /* SystemAudioRecorder.swift in Sources */,
				CC66E8BDD0C2DB6D7336D962CA6EFE0F /* SystemPermissionManager.swift in Sources */,
				4D167ED01AEADB52500D5FF05C5F8BF3 /* SystemTextInjector.swift in Sources */,
				FF3752F35EBF7A7AF4E73A64D245DBB8 /* TextFieldStyle.swift in Sources */,
				D95F40EBC827FB60BA9168F687029B85 /* Theme.swift in Sources */,
				58DCE38063B338B735CCAE6A7D42CF3E /* TranscriptionSettingsController.swift in Sources */,
				C046E9CABEAE9AE5E6B108A1437226AE /* UsageStatsStore.swift in Sources */,
				DFD37B366FF927DABE62B85E22D5879C /* UsageTotals.swift in Sources */,
				D2ED68BA978F48A6F9DB29D91892C6FC /* WhisperContextActor.swift in Sources */,
				F690D3AC8091EC40582E8F4238609F85 /* WindowConfigurator.swift in Sources */,
				EDC8DDA2A899307224E1B3DEF06284EC /* WinterVoiceApp.swift in Sources */,
			);
			runOnlyForDeploymentPostprocessing = 0;
		};
		F81ABB32382DC007D15F5FF6140E695C /* Sources */ = {
			isa = PBXSourcesBuildPhase;
			buildActionMask = 2147483647;
			files = (
				D2F4439D43A7D06E51EEBAF7B619CA50 /* AppShellSemanticsTests.swift in Sources */,
				A21E4AE383C52B5027896065486372CA /* DictationStateMachineTests.swift in Sources */,
				B224102D24839D95278D67B7F60CEF20 /* HistoryDictionaryTests.swift in Sources */,
				22EE9A52B8BC72207908E578C861C68A /* ModelManagerTests.swift in Sources */,
				B32D4B9BE1F6C58DD595B3AE4AC6953D /* OnboardingTests.swift in Sources */,
				51035F7CC32514F1717059BF9CC0AA50 /* ProviderTests.swift in Sources */,
				D47ABE21764CE4C1B79F4C68E8B20066 /* RightOptionEventTapTests.swift in Sources */,
				B096FD8FF5AA0E065AA15F2745FD66A6 /* SystemTextInjectorTests.swift in Sources */,
				DAA82DE6D5592303F561418342941FC7 /* TranscriptionSettingsControllerTests.swift in Sources */,
			);
			runOnlyForDeploymentPostprocessing = 0;
		};
/* End PBXSourcesBuildPhase section */

/* Begin PBXTargetDependency section */
		0EDD89599FAABB94783ADD61F02EF750 /* PBXTargetDependency */ = {
			isa = PBXTargetDependency;
			name = WinterVoice;
			target = CDE69FDEE7F96D33E2BED1ECF4AAB822 /* WinterVoice */;
			targetProxy = 8EF18195B13B3ED80CD513F973B52F1B /* PBXContainerItemProxy */;
		};
/* End PBXTargetDependency section */

/* Begin XCBuildConfiguration section */
		3B6641AF61AED01D62A78EEAA8F2A948 /* Debug */ = {
			isa = XCBuildConfiguration;
			buildSettings = {
				BUNDLE_LOADER = "$(TEST_HOST)";
				CODE_SIGN_STYLE = Automatic;
				DEVELOPMENT_TEAM = H72HDR4743;
				GENERATE_INFOPLIST_FILE = YES;
				MACOSX_DEPLOYMENT_TARGET = 14.0;
				PRODUCT_BUNDLE_IDENTIFIER = com.winterzxzz.WinterVoiceTests;
				SDKROOT = macosx;
				SWIFT_VERSION = 6.0;
				TEST_HOST = "$(BUILT_PRODUCTS_DIR)/WinterVoice.app/Contents/MacOS/WinterVoice";
			};
			name = Debug;
		};
		543C77C9274AD7940C2CE203FC53F323 /* Debug */ = {
			isa = XCBuildConfiguration;
			buildSettings = {
				ALWAYS_SEARCH_USER_PATHS = NO;
				CLANG_ANALYZER_NONNULL = YES;
				CLANG_ANALYZER_NUMBER_OBJECT_CONVERSION = YES_AGGRESSIVE;
				CLANG_CXX_LANGUAGE_STANDARD = "gnu++14";
				CLANG_CXX_LIBRARY = "libc++";
				CLANG_ENABLE_MODULES = YES;
				CLANG_ENABLE_OBJC_ARC = YES;
				CLANG_ENABLE_OBJC_WEAK = YES;
				CLANG_WARN_BLOCK_CAPTURE_AUTORELEASING = YES;
				CLANG_WARN_BOOL_CONVERSION = YES;
				CLANG_WARN_COMMA = YES;
				CLANG_WARN_CONSTANT_CONVERSION = YES;
				CLANG_WARN_DEPRECATED_OBJC_IMPLEMENTATIONS = YES;
				CLANG_WARN_DIRECT_OBJC_ISA_USAGE = YES_ERROR;
				CLANG_WARN_DOCUMENTATION_COMMENTS = YES;
				CLANG_WARN_EMPTY_BODY = YES;
				CLANG_WARN_ENUM_CONVERSION = YES;
				CLANG_WARN_INFINITE_RECURSION = YES;
				CLANG_WARN_INT_CONVERSION = YES;
				CLANG_WARN_NON_LITERAL_NULL_CONVERSION = YES;
				CLANG_WARN_OBJC_IMPLICIT_RETAIN_SELF = YES;
				CLANG_WARN_OBJC_LITERAL_CONVERSION = YES;
				CLANG_WARN_OBJC_ROOT_CLASS = YES_ERROR;
				CLANG_WARN_QUOTED_INCLUDE_IN_FRAMEWORK_HEADER = YES;
				CLANG_WARN_RANGE_LOOP_ANALYSIS = YES;
				CLANG_WARN_STRICT_PROTOTYPES = YES;
				CLANG_WARN_SUSPICIOUS_MOVE = YES;
				CLANG_WARN_UNGUARDED_AVAILABILITY = YES_AGGRESSIVE;
				CLANG_WARN_UNREACHABLE_CODE = YES;
				CLANG_WARN__DUPLICATE_METHOD_MATCH = YES;
				COPY_PHASE_STRIP = NO;
				DEBUG_INFORMATION_FORMAT = dwarf;
				ENABLE_STRICT_OBJC_MSGSEND = YES;
				ENABLE_TESTABILITY = YES;
				GCC_C_LANGUAGE_STANDARD = gnu11;
				GCC_DYNAMIC_NO_PIC = NO;
				GCC_NO_COMMON_BLOCKS = YES;
				GCC_OPTIMIZATION_LEVEL = 0;
				GCC_PREPROCESSOR_DEFINITIONS = (
					"DEBUG=1",
					"$(inherited)",
				);
				GCC_WARN_64_TO_32_BIT_CONVERSION = YES;
				GCC_WARN_ABOUT_RETURN_TYPE = YES_ERROR;
				GCC_WARN_UNDECLARED_SELECTOR = YES;
				GCC_WARN_UNINITIALIZED_AUTOS = YES_AGGRESSIVE;
				GCC_WARN_UNUSED_FUNCTION = YES;
				GCC_WARN_UNUSED_VARIABLE = YES;
				MTL_ENABLE_DEBUG_INFO = INCLUDE_SOURCE;
				MTL_FAST_MATH = YES;
				ONLY_ACTIVE_ARCH = YES;
				PRODUCT_NAME = "$(TARGET_NAME)";
				SWIFT_ACTIVE_COMPILATION_CONDITIONS = DEBUG;
				SWIFT_OPTIMIZATION_LEVEL = "-Onone";
				SWIFT_VERSION = 5.0;
			};
			name = Debug;
		};
		59518A79AC5D7956D55407302E47B96E /* Release */ = {
			isa = XCBuildConfiguration;
			buildSettings = {
				ALWAYS_SEARCH_USER_PATHS = NO;
				CLANG_ANALYZER_NONNULL = YES;
				CLANG_ANALYZER_NUMBER_OBJECT_CONVERSION = YES_AGGRESSIVE;
				CLANG_CXX_LANGUAGE_STANDARD = "gnu++14";
				CLANG_CXX_LIBRARY = "libc++";
				CLANG_ENABLE_MODULES = YES;
				CLANG_ENABLE_OBJC_ARC = YES;
				CLANG_ENABLE_OBJC_WEAK = YES;
				CLANG_WARN_BLOCK_CAPTURE_AUTORELEASING = YES;
				CLANG_WARN_BOOL_CONVERSION = YES;
				CLANG_WARN_COMMA = YES;
				CLANG_WARN_CONSTANT_CONVERSION = YES;
				CLANG_WARN_DEPRECATED_OBJC_IMPLEMENTATIONS = YES;
				CLANG_WARN_DIRECT_OBJC_ISA_USAGE = YES_ERROR;
				CLANG_WARN_DOCUMENTATION_COMMENTS = YES;
				CLANG_WARN_EMPTY_BODY = YES;
				CLANG_WARN_ENUM_CONVERSION = YES;
				CLANG_WARN_INFINITE_RECURSION = YES;
				CLANG_WARN_INT_CONVERSION = YES;
				CLANG_WARN_NON_LITERAL_NULL_CONVERSION = YES;
				CLANG_WARN_OBJC_IMPLICIT_RETAIN_SELF = YES;
				CLANG_WARN_OBJC_LITERAL_CONVERSION = YES;
				CLANG_WARN_OBJC_ROOT_CLASS = YES_ERROR;
				CLANG_WARN_QUOTED_INCLUDE_IN_FRAMEWORK_HEADER = YES;
				CLANG_WARN_RANGE_LOOP_ANALYSIS = YES;
				CLANG_WARN_STRICT_PROTOTYPES = YES;
				CLANG_WARN_SUSPICIOUS_MOVE = YES;
				CLANG_WARN_UNGUARDED_AVAILABILITY = YES_AGGRESSIVE;
				CLANG_WARN_UNREACHABLE_CODE = YES;
				CLANG_WARN__DUPLICATE_METHOD_MATCH = YES;
				COPY_PHASE_STRIP = NO;
				DEBUG_INFORMATION_FORMAT = "dwarf-with-dsym";
				ENABLE_NS_ASSERTIONS = NO;
				ENABLE_STRICT_OBJC_MSGSEND = YES;
				GCC_C_LANGUAGE_STANDARD = gnu11;
				GCC_NO_COMMON_BLOCKS = YES;
				GCC_WARN_64_TO_32_BIT_CONVERSION = YES;
				GCC_WARN_ABOUT_RETURN_TYPE = YES_ERROR;
				GCC_WARN_UNDECLARED_SELECTOR = YES;
				GCC_WARN_UNINITIALIZED_AUTOS = YES_AGGRESSIVE;
				GCC_WARN_UNUSED_FUNCTION = YES;
				GCC_WARN_UNUSED_VARIABLE = YES;
				MTL_ENABLE_DEBUG_INFO = NO;
				MTL_FAST_MATH = YES;
				PRODUCT_NAME = "$(TARGET_NAME)";
				SWIFT_COMPILATION_MODE = wholemodule;
				SWIFT_OPTIMIZATION_LEVEL = "-O";
				SWIFT_VERSION = 5.0;
			};
			name = Release;
		};
		7ABD13FE0FA5F479553C4272DA36AD2B /* Release */ = {
			isa = XCBuildConfiguration;
			buildSettings = {
				ASSETCATALOG_COMPILER_APPICON_NAME = AppIcon;
				ASSETCATALOG_COMPILER_GLOBAL_ACCENT_COLOR_NAME = AccentColor;
				CODE_SIGN_STYLE = Automatic;
				DEVELOPMENT_TEAM = H72HDR4743;
				COMBINE_HIDPI_IMAGES = YES;
				ENABLE_HARDENED_RUNTIME = YES;
				GENERATE_INFOPLIST_FILE = NO;
				INFOPLIST_FILE = WinterVoice/Resources/Info.plist;
				LD_RUNPATH_SEARCH_PATHS = "$(inherited) @executable_path/../Frameworks";
				MACOSX_DEPLOYMENT_TARGET = 14.0;
				PRODUCT_BUNDLE_IDENTIFIER = com.winterzxzz.WinterVoice;
				PRODUCT_NAME = "$(TARGET_NAME)";
				SDKROOT = macosx;
				SWIFT_STRICT_CONCURRENCY = complete;
				SWIFT_VERSION = 6.0;
			};
			name = Release;
		};
		7BF11CDF16BC63D349E9B088C29E35A4 /* Debug */ = {
			isa = XCBuildConfiguration;
			buildSettings = {
				ASSETCATALOG_COMPILER_APPICON_NAME = AppIcon;
				ASSETCATALOG_COMPILER_GLOBAL_ACCENT_COLOR_NAME = AccentColor;
				CODE_SIGN_STYLE = Automatic;
				DEVELOPMENT_TEAM = H72HDR4743;
				COMBINE_HIDPI_IMAGES = YES;
				ENABLE_HARDENED_RUNTIME = YES;
				GENERATE_INFOPLIST_FILE = NO;
				INFOPLIST_FILE = WinterVoice/Resources/Info.plist;
				LD_RUNPATH_SEARCH_PATHS = "$(inherited) @executable_path/../Frameworks";
				MACOSX_DEPLOYMENT_TARGET = 14.0;
				PRODUCT_BUNDLE_IDENTIFIER = com.winterzxzz.WinterVoice;
				PRODUCT_NAME = "$(TARGET_NAME)";
				SDKROOT = macosx;
				SWIFT_STRICT_CONCURRENCY = complete;
				SWIFT_VERSION = 6.0;
			};
			name = Debug;
		};
		B7DE9FF090049EA16D4D84DF262E8626 /* Release */ = {
			isa = XCBuildConfiguration;
			buildSettings = {
				BUNDLE_LOADER = "$(TEST_HOST)";
				CODE_SIGN_STYLE = Automatic;
				DEVELOPMENT_TEAM = H72HDR4743;
				GENERATE_INFOPLIST_FILE = YES;
				MACOSX_DEPLOYMENT_TARGET = 14.0;
				PRODUCT_BUNDLE_IDENTIFIER = com.winterzxzz.WinterVoiceTests;
				SDKROOT = macosx;
				SWIFT_VERSION = 6.0;
				TEST_HOST = "$(BUILT_PRODUCTS_DIR)/WinterVoice.app/Contents/MacOS/WinterVoice";
			};
			name = Release;
		};
/* End XCBuildConfiguration section */

/* Begin XCConfigurationList section */
		0776F94EA1D7C09CB477DCA76DBC256D /* Build configuration list for PBXProject "WinterVoice" */ = {
			isa = XCConfigurationList;
			buildConfigurations = (
				543C77C9274AD7940C2CE203FC53F323 /* Debug */,
				59518A79AC5D7956D55407302E47B96E /* Release */,
			);
			defaultConfigurationIsVisible = 0;
			defaultConfigurationName = Release;
		};
		5EC5F0679496F5C47287888BDFBAFAAD /* Build configuration list for PBXNativeTarget "WinterVoice" */ = {
			isa = XCConfigurationList;
			buildConfigurations = (
				7BF11CDF16BC63D349E9B088C29E35A4 /* Debug */,
				7ABD13FE0FA5F479553C4272DA36AD2B /* Release */,
			);
			defaultConfigurationIsVisible = 0;
			defaultConfigurationName = Release;
		};
		82F0DA931BDFB93F21B3E04ACD476618 /* Build configuration list for PBXNativeTarget "WinterVoiceTests" */ = {
			isa = XCConfigurationList;
			buildConfigurations = (
				3B6641AF61AED01D62A78EEAA8F2A948 /* Debug */,
				B7DE9FF090049EA16D4D84DF262E8626 /* Release */,
			);
			defaultConfigurationIsVisible = 0;
			defaultConfigurationName = Release;
		};
/* End XCConfigurationList section */

/* Begin XCLocalSwiftPackageReference section */
		F8F265A59BDBABB98DD727B3C9D1C626 /* XCLocalSwiftPackageReference "WhisperBinary" */ = {
			isa = XCLocalSwiftPackageReference;
			relativePath = Vendor/WhisperBinary;
		};
/* End XCLocalSwiftPackageReference section */

/* Begin XCSwiftPackageProductDependency section */
		D6B10D5782F71CEEED3E07116D4E04B2 /* WhisperBinary */ = {
			isa = XCSwiftPackageProductDependency;
			package = F8F265A59BDBABB98DD727B3C9D1C626 /* XCLocalSwiftPackageReference "WhisperBinary" */;
			productName = WhisperBinary;
		};
/* End XCSwiftPackageProductDependency section */
	};
	rootObject = 667D958920306F5D80AD200BE87BEB74 /* Project object */;
}
